{
  "name": "element-plus-leafer",
  "version": "0.0.5",
  "lockfileVersion": 3,
  "requires": true,
  "packages": {
    "": {
      "name": "element-plus-leafer",
      "version": "0.0.5",
      "license": "MIT",
      "dependencies": {
        "@ctrl/tinycolor": "^4.1.0",
        "@leafer-in/animate": "^1.0.9",
        "@leafer-in/flow": "^1.0.9",
        "@leafer-in/state": "^1.0.9",
        "leafer-ui": "^1.0.9"
      }
    },
    "node_modules/@ctrl/tinycolor": {
      "version": "4.1.0",
      "resolved": "https://registry.npmmirror.com/@ctrl/tinycolor/-/tinycolor-4.1.0.tgz",
      "integrity": "sha512-WyOx8cJQ+FQus4Mm4uPIZA64gbk3Wxh0so5Lcii0aJifqwoVOlfFtorjLE0Hen4OYyHZMXDWqMmaQemBhgxFRQ==",
      "license": "MIT",
      "engines": {
        "node": ">=14"
      }
    },
    "node_modules/@leafer-in/animate": {
      "version": "1.0.9",
      "resolved": "https://registry.npmmirror.com/@leafer-in/animate/-/animate-1.0.9.tgz",
      "integrity": "sha512-SIL4lq7H0eVXc8xDN3MRfbvm+lhYclpB3RRU/h5n4evh+nwA4/A9C0KMmqMNsRwcS+krGH3KMFExjN9zoh3HRA==",
      "license": "MIT",
      "dependencies": {
        "@leafer-in/color": "^1.0.9"
      },
      "peerDependencies": {
        "@leafer-in/interface": "^1.0.9",
        "@leafer-ui/draw": "^1.0.9",
        "@leafer-ui/interface": "^1.0.9"
      }
    },
    "node_modules/@leafer-in/color": {
      "version": "1.0.9",
      "resolved": "https://registry.npmmirror.com/@leafer-in/color/-/color-1.0.9.tgz",
      "integrity": "sha512-rcQy+VzjHsy6zlAMsBD8dHMS3YeqZHUpCwW8zrDylf8cDUMQLwcMxk6R/LlGhLbCVMygDGxpFkdkvoVWfg6Hfg==",
      "license": "MIT",
      "peerDependencies": {
        "@leafer-in/interface": "^1.0.9",
        "@leafer-ui/draw": "^1.0.9",
        "@leafer-ui/interface": "^1.0.9"
      }
    },
    "node_modules/@leafer-in/flow": {
      "version": "1.0.9",
      "resolved": "https://registry.npmmirror.com/@leafer-in/flow/-/flow-1.0.9.tgz",
      "integrity": "sha512-5IpnO9KHZ6uM6K4MQbrLpDZolrck3uhypyNsEIzyIYt1x4JDU1xL4sIeGJHJRhSGwQgPwkGgnjBb6mlmLKi2kQ==",
      "license": "MIT",
      "dependencies": {
        "@leafer-in/resize": "^1.0.9"
      },
      "peerDependencies": {
        "@leafer-in/interface": "^1.0.9",
        "@leafer-ui/draw": "^1.0.9",
        "@leafer-ui/interface": "^1.0.9"
      }
    },
    "node_modules/@leafer-in/interface": {
      "version": "1.0.9",
      "resolved": "https://registry.npmmirror.com/@leafer-in/interface/-/interface-1.0.9.tgz",
      "integrity": "sha512-363gGvk6+v6mW94BMgu2vZ8WD5De8DcyAMQPK+mfSlE+U4bFq/ra5xLo4pqdHAvR7duyFvxlj7wHPvYC0FNC3Q==",
      "license": "MIT",
      "peer": true,
      "peerDependencies": {
        "@leafer-ui/interface": "^1.0.9",
        "@leafer/interface": "^1.0.9"
      }
    },
    "node_modules/@leafer-in/resize": {
      "version": "1.0.9",
      "resolved": "https://registry.npmmirror.com/@leafer-in/resize/-/resize-1.0.9.tgz",
      "integrity": "sha512-MArhOoj0qPzHXADzhYuFczxw8pU0PjYGQuhRTtnrKqoyMTiscZST/pcjqsG9FMPQdlv6yFPK45uNim/hyLOlsA==",
      "license": "MIT",
      "peerDependencies": {
        "@leafer-in/interface": "^1.0.9",
        "@leafer-ui/draw": "^1.0.9",
        "@leafer-ui/interface": "^1.0.9"
      }
    },
    "node_modules/@leafer-in/state": {
      "version": "1.0.9",
      "resolved": "https://registry.npmmirror.com/@leafer-in/state/-/state-1.0.9.tgz",
      "integrity": "sha512-CB+DRwg9LgFJRh+Bwb/qZF/abBffreUMGj4ASNwzhgHIw/WKNAlvotLh+wd+VUZnNkewvow+UhYOe9THowhp+A==",
      "license": "MIT",
      "peerDependencies": {
        "@leafer-in/interface": "^1.0.9",
        "@leafer-ui/core": "^1.0.9",
        "@leafer-ui/interface": "^1.0.9"
      }
    },
    "node_modules/@leafer-ui/app": {
      "version": "1.0.9",
      "resolved": "https://registry.npmmirror.com/@leafer-ui/app/-/app-1.0.9.tgz",
      "integrity": "sha512-+WFciO3D6j2J8U2H/KZsvR+wBj9pbYJTnMNouhkJxPSXWABztiwqZeDryqaTZdzK4yuGBMEHpGFxvHsW5SBGvw==",
      "license": "MIT",
      "dependencies": {
        "@leafer-ui/data": "1.0.9",
        "@leafer-ui/display": "1.0.9",
        "@leafer-ui/type": "1.0.9",
        "@leafer/core": "1.0.9"
      }
    },
    "node_modules/@leafer-ui/bounds": {
      "version": "1.0.9",
      "resolved": "https://registry.npmmirror.com/@leafer-ui/bounds/-/bounds-1.0.9.tgz",
      "integrity": "sha512-L710SsTxIyeBqIcDil50V515g5dwbVhftVvbrGVdBhJP39WIs6wO/5bHyn2PtXGRtS3XZgkSe7dGfpuvUljfOw==",
      "license": "MIT",
      "dependencies": {
        "@leafer/core": "1.0.9"
      }
    },
    "node_modules/@leafer-ui/color": {
      "version": "1.0.9",
      "resolved": "https://registry.npmmirror.com/@leafer-ui/color/-/color-1.0.9.tgz",
      "integrity": "sha512-UYp7xTxmKHD0UNMGRUct+65skIf5Ka+l4H0v1hySZC2GY0oVha8ayLoKaJv7hjuYyVJFbq5mGXvT+FBVzQCfmA==",
      "license": "MIT",
      "dependencies": {
        "@leafer-ui/draw": "1.0.9"
      }
    },
    "node_modules/@leafer-ui/core": {
      "version": "1.0.9",
      "resolved": "https://registry.npmmirror.com/@leafer-ui/core/-/core-1.0.9.tgz",
      "integrity": "sha512-xsDu/QkK66Pl40e5+d5kWBjCZ+FBFKUTVQLVHhtIKuTb3Blh9HtD+gqXhedO8lhT0ElUkInBOvdJHMrNTwkm+A==",
      "license": "MIT",
      "dependencies": {
        "@leafer-ui/app": "1.0.9",
        "@leafer-ui/draw": "1.0.9",
        "@leafer-ui/event": "1.0.9",
        "@leafer-ui/hit": "1.0.9",
        "@leafer-ui/interaction": "1.0.9",
        "@leafer-ui/type": "1.0.9"
      }
    },
    "node_modules/@leafer-ui/data": {
      "version": "1.0.9",
      "resolved": "https://registry.npmmirror.com/@leafer-ui/data/-/data-1.0.9.tgz",
      "integrity": "sha512-1nHrvZLFDFatWhJLZhl1m85SykiLly+cep88hhHHeJ+7mjFgVLO39nkCNGtyKmdQvVCcSjVg9q0t4hoOixEREw==",
      "license": "MIT",
      "dependencies": {
        "@leafer-ui/external": "1.0.9",
        "@leafer/core": "1.0.9"
      }
    },
    "node_modules/@leafer-ui/decorator": {
      "version": "1.0.9",
      "resolved": "https://registry.npmmirror.com/@leafer-ui/decorator/-/decorator-1.0.9.tgz",
      "integrity": "sha512-d/H+0sj1AZmhfNY3o/A12N7nF6CT/8WWuj/jfcthICjPoEU2aCkkFWuCKpPoDI5a+pDTMNNvbb9DBt34tl5bIg==",
      "license": "MIT",
      "dependencies": {
        "@leafer/core": "1.0.9"
      }
    },
    "node_modules/@leafer-ui/display": {
      "version": "1.0.9",
      "resolved": "https://registry.npmmirror.com/@leafer-ui/display/-/display-1.0.9.tgz",
      "integrity": "sha512-rE9U7irzB3WkSXnSxVsq6HOl8Uit2ZsHGsIEj67ED5oP7gChUiznNt4uutw7hOcXlJ4Bo9Kk6zWmWXrTZye2Fw==",
      "license": "MIT",
      "dependencies": {
        "@leafer-ui/data": "1.0.9",
        "@leafer-ui/decorator": "1.0.9",
        "@leafer-ui/display-module": "1.0.9",
        "@leafer-ui/external": "1.0.9",
        "@leafer/core": "1.0.9"
      }
    },
    "node_modules/@leafer-ui/display-module": {
      "version": "1.0.9",
      "resolved": "https://registry.npmmirror.com/@leafer-ui/display-module/-/display-module-1.0.9.tgz",
      "integrity": "sha512-ENEe6N82TxsIFKdDuDk3FJvjBaUjVf3ey/ljckFxYopMUDb1Xwt2rbuS8NCGcLjsMuRZJ3HLzzW31L/KDhbF2Q==",
      "license": "MIT",
      "dependencies": {
        "@leafer-ui/bounds": "1.0.9",
        "@leafer-ui/data": "1.0.9",
        "@leafer-ui/render": "1.0.9"
      }
    },
    "node_modules/@leafer-ui/draw": {
      "version": "1.0.9",
      "resolved": "https://registry.npmmirror.com/@leafer-ui/draw/-/draw-1.0.9.tgz",
      "integrity": "sha512-66CaI1JI6ovGUsLBPl3Ws5p8ersLFNkiQhguKdQnyzQDupANovRnaeB8Uq6BW8Sjly6HRwhCbmEESmAMzZDC5Q==",
      "license": "MIT",
      "dependencies": {
        "@leafer-ui/decorator": "1.0.9",
        "@leafer-ui/display": "1.0.9",
        "@leafer-ui/display-module": "1.0.9",
        "@leafer-ui/external": "1.0.9",
        "@leafer/core": "1.0.9"
      }
    },
    "node_modules/@leafer-ui/effect": {
      "version": "1.0.9",
      "resolved": "https://registry.npmmirror.com/@leafer-ui/effect/-/effect-1.0.9.tgz",
      "integrity": "sha512-LM+OnHzIBe+hA/orGktkz68MCN5zMVHtpuqq3nOLVGitBa2qyI16+I0pJbySu8YdGBgDI6/EWKJ0ThX5NGOxCg==",
      "license": "MIT",
      "dependencies": {
        "@leafer/core": "1.0.9"
      }
    },
    "node_modules/@leafer-ui/event": {
      "version": "1.0.9",
      "resolved": "https://registry.npmmirror.com/@leafer-ui/event/-/event-1.0.9.tgz",
      "integrity": "sha512-DPSVO9yKPVP6fwxyrJ6CQpPS5s/UPR9GEr2m+CH6IsoiFa3gB4idSk7XqfEnduCOsl8HmuO5cbWb4MZFyu0rJQ==",
      "license": "MIT",
      "dependencies": {
        "@leafer/core": "1.0.9"
      }
    },
    "node_modules/@leafer-ui/export": {
      "version": "1.0.9",
      "resolved": "https://registry.npmmirror.com/@leafer-ui/export/-/export-1.0.9.tgz",
      "integrity": "sha512-PZFvQrz8ToyKA+UxAdsi3jVxa0Vx2mFEwEKx7ypWLYxeSHF8I3PXLwgZpXGrsutZimExMURu2O57E39RsWJukQ==",
      "license": "MIT",
      "dependencies": {
        "@leafer/core": "1.0.9"
      }
    },
    "node_modules/@leafer-ui/external": {
      "version": "1.0.9",
      "resolved": "https://registry.npmmirror.com/@leafer-ui/external/-/external-1.0.9.tgz",
      "integrity": "sha512-OUL5P9Hjr5Vrm3dovr5Nr+SvzhAgdlkI/4mkPTf8IoH04uTnwV3oX//oyB/qxQpICZF4qaFpTcUQSo4yEl2IUQ==",
      "license": "MIT",
      "dependencies": {
        "@leafer/core": "1.0.9"
      }
    },
    "node_modules/@leafer-ui/hit": {
      "version": "1.0.9",
      "resolved": "https://registry.npmmirror.com/@leafer-ui/hit/-/hit-1.0.9.tgz",
      "integrity": "sha512-yw2eoudYj15yN6RlasaTulZttWG0d4wlpzHjSdEWlf+Lg70oiHsgbeRV01jMNNSxXvaQEOt6GEUXfU/bkhQZ2g==",
      "license": "MIT",
      "dependencies": {
        "@leafer-ui/draw": "1.0.9",
        "@leafer/core": "1.0.9"
      }
    },
    "node_modules/@leafer-ui/interaction": {
      "version": "1.0.9",
      "resolved": "https://registry.npmmirror.com/@leafer-ui/interaction/-/interaction-1.0.9.tgz",
      "integrity": "sha512-e2xg1KU6mzZmVUabDDIBso8bco0mSAWcfgTnjRM6rrTzxd6o7aMKnH/mTQGfpgr93GgWwQHGaJMI8GHuZ20JRg==",
      "license": "MIT",
      "dependencies": {
        "@leafer-ui/draw": "1.0.9",
        "@leafer-ui/event": "1.0.9",
        "@leafer/core": "1.0.9"
      }
    },
    "node_modules/@leafer-ui/interaction-web": {
      "version": "1.0.9",
      "resolved": "https://registry.npmmirror.com/@leafer-ui/interaction-web/-/interaction-web-1.0.9.tgz",
      "integrity": "sha512-sFZjZvIaVp1ZZLlMzTxkcq5Chcc7FqmGBINR55h12rnh1oP6598FfZeKHkHI+UucS83VmTKafsPu9wqCjoo8mw==",
      "license": "MIT",
      "dependencies": {
        "@leafer-ui/core": "1.0.9",
        "@leafer/core": "1.0.9"
      }
    },
    "node_modules/@leafer-ui/interface": {
      "version": "1.0.9",
      "resolved": "https://registry.npmmirror.com/@leafer-ui/interface/-/interface-1.0.9.tgz",
      "integrity": "sha512-GDUzH0cjsTx4pWtiltMCO447yBjiJHmR3rO91uchhFi0g2SXDpvYWMhIGO0lF4q09fW0H4vO2Xwyyx21Bu9X4Q==",
      "license": "MIT",
      "dependencies": {
        "@leafer/interface": "1.0.9"
      }
    },
    "node_modules/@leafer-ui/paint": {
      "version": "1.0.9",
      "resolved": "https://registry.npmmirror.com/@leafer-ui/paint/-/paint-1.0.9.tgz",
      "integrity": "sha512-gt8MZv9PMSeaw0nOEixZawzXyZQImi7F3kDLH4naU65nsP3MfGVFhO9i86QNfIqv1A7SjnaeshjndseQqruMPQ==",
      "license": "MIT",
      "dependencies": {
        "@leafer-ui/draw": "1.0.9",
        "@leafer/core": "1.0.9"
      }
    },
    "node_modules/@leafer-ui/partner": {
      "version": "1.0.9",
      "resolved": "https://registry.npmmirror.com/@leafer-ui/partner/-/partner-1.0.9.tgz",
      "integrity": "sha512-W3QqR74f4aUTpKcGpm+1xWh3sJxU9A/5hVHYQCpmDNn1ofX7QJMWyhFKoeZDodOaPKUDPkrVY9uUPK04iJMaAw==",
      "license": "MIT",
      "dependencies": {
        "@leafer-ui/color": "1.0.9",
        "@leafer-ui/draw": "1.0.9",
        "@leafer-ui/effect": "1.0.9",
        "@leafer-ui/export": "1.0.9",
        "@leafer-ui/paint": "1.0.9",
        "@leafer-ui/text": "1.0.9"
      }
    },
    "node_modules/@leafer-ui/render": {
      "version": "1.0.9",
      "resolved": "https://registry.npmmirror.com/@leafer-ui/render/-/render-1.0.9.tgz",
      "integrity": "sha512-sbfz+9nksRIALDQEFxaGOHNG6FbGzQG9KaYfVdBbPVq2TrRzyFB6dhjusYbwfgqOVW9XDmq8FdGQ5Bx49jimyQ==",
      "license": "MIT",
      "dependencies": {
        "@leafer-ui/external": "1.0.9"
      }
    },
    "node_modules/@leafer-ui/text": {
      "version": "1.0.9",
      "resolved": "https://registry.npmmirror.com/@leafer-ui/text/-/text-1.0.9.tgz",
      "integrity": "sha512-N0qS08GRRYh2A446LXXd5HkmsyYl8rEQaKwXuacNeMvttq6gfbCUnUjF3mhQObux9XON7+H+8S0Wlbc7RyfDEQ==",
      "license": "MIT",
      "dependencies": {
        "@leafer/core": "1.0.9"
      }
    },
    "node_modules/@leafer-ui/type": {
      "version": "1.0.9",
      "resolved": "https://registry.npmmirror.com/@leafer-ui/type/-/type-1.0.9.tgz",
      "integrity": "sha512-BVgIM2fPe33mAwJhztBzKccEgxe0Ivcv7ZE+aqfLQG72AvTZYDXYIoJIAWX9kyEsnCgO7yS0sLrKYowCoIAaNQ==",
      "license": "MIT",
      "dependencies": {
        "@leafer-ui/draw": "1.0.9",
        "@leafer-ui/event": "1.0.9",
        "@leafer/core": "1.0.9"
      }
    },
    "node_modules/@leafer-ui/web": {
      "version": "1.0.9",
      "resolved": "https://registry.npmmirror.com/@leafer-ui/web/-/web-1.0.9.tgz",
      "integrity": "sha512-+RLP89UavIWTa6s2ZD9SN+cTdsJkX/TKbR9zaQq0pVdbfgOU8fZ0NcYUL9+KnLeaGYFzWLnGnGXuUwyODoUwTw==",
      "license": "MIT",
      "dependencies": {
        "@leafer-ui/core": "1.0.9",
        "@leafer-ui/draw": "1.0.9",
        "@leafer-ui/interaction-web": "1.0.9",
        "@leafer-ui/interface": "1.0.9",
        "@leafer-ui/partner": "1.0.9",
        "@leafer/core": "1.0.9",
        "@leafer/interface": "1.0.9",
        "@leafer/partner": "1.0.9",
        "@leafer/web": "1.0.9"
      }
    },
    "node_modules/@leafer/canvas": {
      "version": "1.0.9",
      "resolved": "https://registry.npmmirror.com/@leafer/canvas/-/canvas-1.0.9.tgz",
      "integrity": "sha512-H9QEiM/7XdsW5HKVdYHKPTMsFHgrBwF7jPQXSdXjDey7QQU7B5K21Wvmbxa6YC/YYoTiCldlMKcfGPmEEmYYtQ==",
      "license": "MIT",
      "dependencies": {
        "@leafer/data": "1.0.9",
        "@leafer/debug": "1.0.9",
        "@leafer/file": "1.0.9",
        "@leafer/list": "1.0.9",
        "@leafer/math": "1.0.9",
        "@leafer/path": "1.0.9",
        "@leafer/platform": "1.0.9"
      }
    },
    "node_modules/@leafer/canvas-web": {
      "version": "1.0.9",
      "resolved": "https://registry.npmmirror.com/@leafer/canvas-web/-/canvas-web-1.0.9.tgz",
      "integrity": "sha512-Gteo+JA86q9PW9HqzaKbhbd2lzuWJEvRdCESTthEfprMOQ7NLYYGiyBo8pKD0ioixprQFF4QnJhKQBJwPGM0sA==",
      "license": "MIT",
      "dependencies": {
        "@leafer/core": "1.0.9"
      }
    },
    "node_modules/@leafer/core": {
      "version": "1.0.9",
      "resolved": "https://registry.npmmirror.com/@leafer/core/-/core-1.0.9.tgz",
      "integrity": "sha512-2jbdqbG6ArPQAwDNmXMPTX2BVErdCD9jJ37f9fzJAmLwkCl07pOosi4epAz6nHXYYpv/Ro0KpsYMiOloVFOsHw==",
      "license": "MIT",
      "dependencies": {
        "@leafer/canvas": "1.0.9",
        "@leafer/data": "1.0.9",
        "@leafer/debug": "1.0.9",
        "@leafer/decorator": "1.0.9",
        "@leafer/display": "1.0.9",
        "@leafer/display-module": "1.0.9",
        "@leafer/event": "1.0.9",
        "@leafer/file": "1.0.9",
        "@leafer/helper": "1.0.9",
        "@leafer/image": "1.0.9",
        "@leafer/layout": "1.0.9",
        "@leafer/list": "1.0.9",
        "@leafer/math": "1.0.9",
        "@leafer/path": "1.0.9",
        "@leafer/platform": "1.0.9",
        "@leafer/task": "1.0.9"
      }
    },
    "node_modules/@leafer/data": {
      "version": "1.0.9",
      "resolved": "https://registry.npmmirror.com/@leafer/data/-/data-1.0.9.tgz",
      "integrity": "sha512-FM0Lq05+29YHSxYnpqskNXrxbX1hL90HeSau9JE09Sdzi038B9RCu55uH19NeOYQYIBSsdwXW1Sovex5E/gSyw==",
      "license": "MIT"
    },
    "node_modules/@leafer/debug": {
      "version": "1.0.9",
      "resolved": "https://registry.npmmirror.com/@leafer/debug/-/debug-1.0.9.tgz",
      "integrity": "sha512-iYf4+RXDqwh/7XL3DGFOKU7e7D+VbmKnODOYgvjKmdl/GTnllkqlHHFphT3J2BjXM6/S9vucUYQU/WSKU6Q+Zg==",
      "license": "MIT",
      "dependencies": {
        "@leafer/math": "1.0.9"
      }
    },
    "node_modules/@leafer/decorator": {
      "version": "1.0.9",
      "resolved": "https://registry.npmmirror.com/@leafer/decorator/-/decorator-1.0.9.tgz",
      "integrity": "sha512-3921wTqtWgNVK4+o4y/rLiZ3iqoizDRtSXroh0cx4sV60D3jGsb6WJ8jqe76AN/V5jYcHA7UxZ0niX7SkGLkHg==",
      "license": "MIT",
      "dependencies": {
        "@leafer/data": "1.0.9",
        "@leafer/debug": "1.0.9",
        "@leafer/platform": "1.0.9"
      }
    },
    "node_modules/@leafer/display": {
      "version": "1.0.9",
      "resolved": "https://registry.npmmirror.com/@leafer/display/-/display-1.0.9.tgz",
      "integrity": "sha512-zXh7XR7sELNKy8CbgsA++kTGu87vAsDIZeXa2A48MjmpoS56wrlGOwFtEas6OwR9vazZVI1xUhuDmMElURhxmA==",
      "license": "MIT",
      "dependencies": {
        "@leafer/data": "1.0.9",
        "@leafer/debug": "1.0.9",
        "@leafer/decorator": "1.0.9",
        "@leafer/display-module": "1.0.9",
        "@leafer/event": "1.0.9",
        "@leafer/helper": "1.0.9",
        "@leafer/layout": "1.0.9",
        "@leafer/math": "1.0.9",
        "@leafer/platform": "1.0.9"
      }
    },
    "node_modules/@leafer/display-module": {
      "version": "1.0.9",
      "resolved": "https://registry.npmmirror.com/@leafer/display-module/-/display-module-1.0.9.tgz",
      "integrity": "sha512-iYwKulLa+0hhAi+keDsedKvNJxomzYBomc7y6vlldGkynKICIObqxQdlXVLca1FKuiM1WCn96g7TdXomdzxqqA==",
      "license": "MIT",
      "dependencies": {
        "@leafer/debug": "1.0.9",
        "@leafer/event": "1.0.9",
        "@leafer/helper": "1.0.9",
        "@leafer/math": "1.0.9"
      }
    },
    "node_modules/@leafer/event": {
      "version": "1.0.9",
      "resolved": "https://registry.npmmirror.com/@leafer/event/-/event-1.0.9.tgz",
      "integrity": "sha512-Vu4dUQCYEQTFzq9HsIgI07trupqsCzweziMjigYRhZX8VlluCzvTMm/89nGjWsoXPF0Rb1A6k3C3YTTvkgHuSw==",
      "license": "MIT",
      "dependencies": {
        "@leafer/decorator": "1.0.9",
        "@leafer/math": "1.0.9",
        "@leafer/platform": "1.0.9"
      }
    },
    "node_modules/@leafer/file": {
      "version": "1.0.9",
      "resolved": "https://registry.npmmirror.com/@leafer/file/-/file-1.0.9.tgz",
      "integrity": "sha512-jjlqlzDWGEi0yQldQoMJ1krTt8sJQU9woHLMWVoImyrf+tyFEqMetT/jTIeaSzhqorN/GO6tDyYLLPfDafX5wQ==",
      "license": "MIT",
      "dependencies": {
        "@leafer/debug": "1.0.9"
      }
    },
    "node_modules/@leafer/helper": {
      "version": "1.0.9",
      "resolved": "https://registry.npmmirror.com/@leafer/helper/-/helper-1.0.9.tgz",
      "integrity": "sha512-k8XTbtlfGEbZBBYu1P7vwLpHZh/xVIrE2q3G0wq2yJ2EukhTkyd8UWmD6Bs3E59JrXXwPXZY10H3FnF796mlrg==",
      "license": "MIT",
      "dependencies": {
        "@leafer/math": "1.0.9"
      }
    },
    "node_modules/@leafer/image": {
      "version": "1.0.9",
      "resolved": "https://registry.npmmirror.com/@leafer/image/-/image-1.0.9.tgz",
      "integrity": "sha512-hp22gzJA3f2FRnkX0twVJBRHSyxvY86unoQSZ2Ai9KFIHgVEJuanUEb0Xj6t3/XtjkBTt7PKdybxe9e9miKyjg==",
      "license": "MIT",
      "dependencies": {
        "@leafer/file": "1.0.9",
        "@leafer/platform": "1.0.9",
        "@leafer/task": "1.0.9"
      }
    },
    "node_modules/@leafer/image-web": {
      "version": "1.0.9",
      "resolved": "https://registry.npmmirror.com/@leafer/image-web/-/image-web-1.0.9.tgz",
      "integrity": "sha512-r0BLKH8t+M1gP/jTUJRjFglkJkHiJmta03VVfhwWdJlruomEKZWZBDt1jUmYwPPeAR3p5VcnAd0DWjLkzSMVRA==",
      "license": "MIT",
      "dependencies": {
        "@leafer/core": "1.0.9"
      }
    },
    "node_modules/@leafer/interface": {
      "version": "1.0.9",
      "resolved": "https://registry.npmmirror.com/@leafer/interface/-/interface-1.0.9.tgz",
      "integrity": "sha512-HlCQThFkfn2Guo/CBFxXfPI9XFd9FJ8KwtVqwhNnvh/TkvojhJg+/yu84UlwKEvpuXLsv56va240vy1re/KdiQ==",
      "license": "MIT"
    },
    "node_modules/@leafer/layout": {
      "version": "1.0.9",
      "resolved": "https://registry.npmmirror.com/@leafer/layout/-/layout-1.0.9.tgz",
      "integrity": "sha512-gNyVST9fIXHtf/5ylNnLmCr2B7nwlvvP2XYsq5vVZl5zSnLdEZFUqf/zelCt5f7rGLiJhGaQyI3NYfSMHpZTQg==",
      "license": "MIT",
      "dependencies": {
        "@leafer/helper": "1.0.9",
        "@leafer/math": "1.0.9",
        "@leafer/platform": "1.0.9"
      }
    },
    "node_modules/@leafer/layouter": {
      "version": "1.0.9",
      "resolved": "https://registry.npmmirror.com/@leafer/layouter/-/layouter-1.0.9.tgz",
      "integrity": "sha512-cis8c2ZWYeZXBR88Wt/ykl/Y46Q7IimJJbu+zdKLNWu4vB/x1K23tp1LCY+ZPY6Eve6CHAtPPhm07Uke3Y34Gg==",
      "license": "MIT",
      "dependencies": {
        "@leafer/core": "1.0.9"
      }
    },
    "node_modules/@leafer/list": {
      "version": "1.0.9",
      "resolved": "https://registry.npmmirror.com/@leafer/list/-/list-1.0.9.tgz",
      "integrity": "sha512-ttjCNW/J6r1C6y3WF5yyDXogFv3gzx1vbsBzchXAGij9JutDT9CUimr7tsKQLBVlB+wqj+oEaoaeL/FcSWeBHg==",
      "license": "MIT"
    },
    "node_modules/@leafer/math": {
      "version": "1.0.9",
      "resolved": "https://registry.npmmirror.com/@leafer/math/-/math-1.0.9.tgz",
      "integrity": "sha512-SBTUjM/lBWXJRUthGdc9jELLZ/pQaEWRLDfyRyD6MLvsx8Bs1mtCZeLGZPEqryn0/wmx55/h6chDV/8NhM+VyA==",
      "license": "MIT"
    },
    "node_modules/@leafer/partner": {
      "version": "1.0.9",
      "resolved": "https://registry.npmmirror.com/@leafer/partner/-/partner-1.0.9.tgz",
      "integrity": "sha512-s9MwsOsQ58Qynm7RPcco3AGKGenVPGmZUWL/8E9EKUaJ7ib17kG98ct7LsmGlM4agBHoe9pLT0OoSrnSOu8EBg==",
      "license": "MIT",
      "dependencies": {
        "@leafer/core": "1.0.9",
        "@leafer/layouter": "1.0.9",
        "@leafer/renderer": "1.0.9",
        "@leafer/selector": "1.0.9",
        "@leafer/watcher": "1.0.9"
      }
    },
    "node_modules/@leafer/path": {
      "version": "1.0.9",
      "resolved": "https://registry.npmmirror.com/@leafer/path/-/path-1.0.9.tgz",
      "integrity": "sha512-Cg1EmorIEO/PzRwQInQQpStBN/J57HsWO+xjnkF+bRO2R0WD/K/aRowSIOWiEUye4ervsWABiVwzoE8VEvkAXw==",
      "license": "MIT",
      "dependencies": {
        "@leafer/debug": "1.0.9",
        "@leafer/math": "1.0.9"
      }
    },
    "node_modules/@leafer/platform": {
      "version": "1.0.9",
      "resolved": "https://registry.npmmirror.com/@leafer/platform/-/platform-1.0.9.tgz",
      "integrity": "sha512-FCQ6k79oJZYlrquaWU/MA9S2UM6QSsgUebFEfHWsDNU4LwyMEdZyNz8AcrtMJchG5Jr3RK6jY/cT9Mh7985/ug==",
      "license": "MIT",
      "dependencies": {
        "@leafer/debug": "1.0.9",
        "@leafer/layouter": "1.0.9"
      }
    },
    "node_modules/@leafer/renderer": {
      "version": "1.0.9",
      "resolved": "https://registry.npmmirror.com/@leafer/renderer/-/renderer-1.0.9.tgz",
      "integrity": "sha512-9cHwQcXMH5kbJ/uO+7+0yB9FrIHTWDDDd6gZYXhV8+6mibSw83UTo2gjxF+G+zme6AIE6GS4NPr9tDGBlNuCTw==",
      "license": "MIT",
      "dependencies": {
        "@leafer/core": "1.0.9"
      }
    },
    "node_modules/@leafer/selector": {
      "version": "1.0.9",
      "resolved": "https://registry.npmmirror.com/@leafer/selector/-/selector-1.0.9.tgz",
      "integrity": "sha512-JXc5PVlgzCJquJSDm8056G65FnpBMi1IpW/ZA3E+ANgMtCvy2Ig0Px3ZD9Ua7a0zvlzIGhyAymvNnfw3eF4nMw==",
      "license": "MIT",
      "dependencies": {
        "@leafer/core": "1.0.9"
      }
    },
    "node_modules/@leafer/task": {
      "version": "1.0.9",
      "resolved": "https://registry.npmmirror.com/@leafer/task/-/task-1.0.9.tgz",
      "integrity": "sha512-xqrEzonFEqN/F5xt8yC2ehvZJPQjcF01ZnTws6VTOeIY9Ghho6Zi0IbRWoMbQBrK59kYMpOA+piYRRUHOkgBzA==",
      "license": "MIT",
      "dependencies": {
        "@leafer/debug": "1.0.9",
        "@leafer/math": "1.0.9"
      }
    },
    "node_modules/@leafer/watcher": {
      "version": "1.0.9",
      "resolved": "https://registry.npmmirror.com/@leafer/watcher/-/watcher-1.0.9.tgz",
      "integrity": "sha512-myWrZYMp2dxeRqAoPz0nYkvEx/wxuB6Z4YMvq2emcyI2FbOFPqm+Z6XUmHyh/hc0G1YtJwTU40TdZlsaDBtEGA==",
      "license": "MIT",
      "dependencies": {
        "@leafer/data": "1.0.9",
        "@leafer/event": "1.0.9",
        "@leafer/list": "1.0.9"
      }
    },
    "node_modules/@leafer/web": {
      "version": "1.0.9",
      "resolved": "https://registry.npmmirror.com/@leafer/web/-/web-1.0.9.tgz",
      "integrity": "sha512-h5MZoDoX5bmHB8fta8+qZZgNLCtamuXYKBSnYchb/qPlUQZjsUnjOEmSxGLWoCjJtnCwlIQIHkhOHixsVEQ9Zw==",
      "license": "MIT",
      "dependencies": {
        "@leafer/canvas-web": "1.0.9",
        "@leafer/core": "1.0.9",
        "@leafer/image-web": "1.0.9"
      }
    },
    "node_modules/leafer-ui": {
      "version": "1.0.9",
      "resolved": "https://registry.npmmirror.com/leafer-ui/-/leafer-ui-1.0.9.tgz",
      "integrity": "sha512-ekxIvA42H01R0bTyxWBOjzHpX7JSnWqBF4gnXFdfJM0943DAB+BlDb7eW0t75nUivMjxidzS8do6YUmFx4IH9A==",
      "license": "MIT",
      "dependencies": {
        "@leafer-ui/core": "1.0.9",
        "@leafer-ui/draw": "1.0.9",
        "@leafer-ui/interaction-web": "1.0.9",
        "@leafer-ui/interface": "1.0.9",
        "@leafer-ui/partner": "1.0.9",
        "@leafer-ui/web": "1.0.9",
        "@leafer/core": "1.0.9",
        "@leafer/interface": "1.0.9",
        "@leafer/partner": "1.0.9",
        "@leafer/web": "1.0.9"
      }
    }
  }
}
