{
  "name": "element-plus-leafer",
  "version": "0.0.5",
  "lockfileVersion": 3,
  "requires": true,
  "packages": {
    "": {
      "name": "element-plus-leafer",
      "version": "0.0.5",
      "license": "MIT",
      "dependencies": {
        "@ctrl/tinycolor": "^4.1.0",
        "leafer": "^1.8.0"
      }
    },
    "node_modules/@ctrl/tinycolor": {
      "version": "4.1.0",
      "resolved": "https://registry.npmmirror.com/@ctrl/tinycolor/-/tinycolor-4.1.0.tgz",
      "integrity": "sha512-WyOx8cJQ+FQus4Mm4uPIZA64gbk3Wxh0so5Lcii0aJifqwoVOlfFtorjLE0Hen4OYyHZMXDWqMmaQemBhgxFRQ==",
      "license": "MIT",
      "engines": {
        "node": ">=14"
      }
    },
    "node_modules/@leafer-in/animate": {
      "version": "1.8.0",
      "resolved": "https://registry.npmmirror.com/@leafer-in/animate/-/animate-1.8.0.tgz",
      "integrity": "sha512-sq72o4SkNDTBwuqIGylQFRtfYaKqpO3CUtErLp3GnwMGNoEpCB7owDDvW4++c9qz+jtGZYWDISApNJFIaHVZrQ==",
      "license": "MIT",
      "peerDependencies": {
        "@leafer-in/color": "^1.8.0",
        "@leafer-in/interface": "^1.8.0",
        "@leafer-ui/draw": "^1.8.0",
        "@leafer-ui/interface": "^1.8.0"
      }
    },
    "node_modules/@leafer-in/arrow": {
      "version": "1.8.0",
      "resolved": "https://registry.npmmirror.com/@leafer-in/arrow/-/arrow-1.8.0.tgz",
      "integrity": "sha512-roOTtvQCNurtM5ALPr1Wh2esLUs5bj5h9T7Ul60bwbvZu7/W6AF8KcqxICU34T07ryys3foSAraBR8QAeRr23g==",
      "license": "MIT",
      "peerDependencies": {
        "@leafer-in/interface": "^1.8.0",
        "@leafer-ui/draw": "^1.8.0",
        "@leafer-ui/interface": "^1.8.0"
      }
    },
    "node_modules/@leafer-in/color": {
      "version": "1.8.0",
      "resolved": "https://registry.npmmirror.com/@leafer-in/color/-/color-1.8.0.tgz",
      "integrity": "sha512-y7Nj/BDDi5dMjERteLkPOpD09DQ521flNCrIU5WMPy0LOwqgqYMKX2FRV2fRWiDEedrP/ixjcUfCFD886d8h8Q==",
      "license": "MIT",
      "peerDependencies": {
        "@leafer-in/interface": "^1.8.0",
        "@leafer-ui/draw": "^1.8.0",
        "@leafer-ui/interface": "^1.8.0"
      }
    },
    "node_modules/@leafer-in/editor": {
      "version": "1.8.0",
      "resolved": "https://registry.npmmirror.com/@leafer-in/editor/-/editor-1.8.0.tgz",
      "integrity": "sha512-VpdmjfhmXRPf/pw3eLM9gI6scTmOhpnf78zjYDPw2OySGMH5X3zTSAph+xFKzB3L7Zu4FGAGAmYCc/stVy1a3w==",
      "license": "MIT",
      "peerDependencies": {
        "@leafer-in/interface": "^1.8.0",
        "@leafer-in/resize": "^1.8.0",
        "@leafer-ui/core": "^1.8.0",
        "@leafer-ui/draw": "^1.8.0",
        "@leafer-ui/interface": "^1.8.0"
      }
    },
    "node_modules/@leafer-in/export": {
      "version": "1.8.0",
      "resolved": "https://registry.npmmirror.com/@leafer-in/export/-/export-1.8.0.tgz",
      "integrity": "sha512-5hdMrmlrKCTvvXm4B6RJU2Q3Di2UEi2O54I4Pe6ekwgPlowJZEe4co+6WZTnb+3mUcQLLQVg3twHEQU/SQZ6kw==",
      "license": "MIT",
      "peerDependencies": {
        "@leafer-in/interface": "^1.8.0",
        "@leafer-ui/draw": "^1.8.0",
        "@leafer-ui/interface": "^1.8.0"
      }
    },
    "node_modules/@leafer-in/filter": {
      "version": "1.8.0",
      "resolved": "https://registry.npmmirror.com/@leafer-in/filter/-/filter-1.8.0.tgz",
      "integrity": "sha512-QgYXSRmgmYk6/QcG4I2e5zaQae0PdikT+UEIneg1iu+hdyi3FcmbvrOFHdfu4WRMC0tohjuwu83A6kCTrSJZNA==",
      "license": "MIT",
      "peerDependencies": {
        "@leafer-in/interface": "^1.8.0",
        "@leafer-ui/draw": "^1.8.0",
        "@leafer-ui/interface": "^1.8.0"
      }
    },
    "node_modules/@leafer-in/find": {
      "version": "1.8.0",
      "resolved": "https://registry.npmmirror.com/@leafer-in/find/-/find-1.8.0.tgz",
      "integrity": "sha512-SmHMHKpvr/c8dwYaDpzyKKsFxGNk0+EFZbL2+bAKy72IHdgAlGmne5OGyZI8z6PkBF5AXBccVaAKSqSHxBibaQ==",
      "license": "MIT",
      "peerDependencies": {
        "@leafer-in/interface": "^1.8.0",
        "@leafer-ui/draw": "^1.8.0",
        "@leafer-ui/interface": "^1.8.0"
      }
    },
    "node_modules/@leafer-in/flow": {
      "version": "1.8.0",
      "resolved": "https://registry.npmmirror.com/@leafer-in/flow/-/flow-1.8.0.tgz",
      "integrity": "sha512-0XbcGYy8s0ObSfyIjW7WpYIX2Tcx8P/u/hEHLXelM7vC4EuxohBe6PbqJ4Go9VF5PV6QQPZlzMYnQqeb/LoZgQ==",
      "license": "MIT",
      "peerDependencies": {
        "@leafer-in/interface": "^1.8.0",
        "@leafer-in/resize": "^1.8.0",
        "@leafer-ui/draw": "^1.8.0",
        "@leafer-ui/interface": "^1.8.0"
      }
    },
    "node_modules/@leafer-in/html": {
      "version": "1.8.0",
      "resolved": "https://registry.npmmirror.com/@leafer-in/html/-/html-1.8.0.tgz",
      "integrity": "sha512-uZ8qV6gP7372rQhYYJRQ92GqDSVoQdLJBVOCQmqQ9LCFowHF6/NtTV3Kgemv6xC0t96m+I+gN2XOtVyLotChVw==",
      "license": "MIT",
      "peerDependencies": {
        "@leafer-in/interface": "^1.8.0",
        "@leafer-ui/draw": "^1.8.0",
        "@leafer-ui/interface": "^1.8.0"
      }
    },
    "node_modules/@leafer-in/interface": {
      "version": "1.8.0",
      "resolved": "https://registry.npmmirror.com/@leafer-in/interface/-/interface-1.8.0.tgz",
      "integrity": "sha512-j4ucPjPX8/TBIID1RPHv6CA1KtiIh56igvrHBYHd44NS1tzKWhsswKUVRrzK0nqeSh1VL4SzGZgiQNwZq56R4A==",
      "license": "MIT",
      "peerDependencies": {
        "@leafer-ui/interface": "^1.8.0",
        "@leafer/interface": "^1.8.0"
      }
    },
    "node_modules/@leafer-in/motion-path": {
      "version": "1.8.0",
      "resolved": "https://registry.npmmirror.com/@leafer-in/motion-path/-/motion-path-1.8.0.tgz",
      "integrity": "sha512-x9DxBt30RXEkJeIs7hezpM+Q4izSP8P0PuvjG/O2J7UiyzvBxjRNiOtfRYtszOLIbH1R0RaC2r7mQ4mLPhcodg==",
      "license": "MIT",
      "peerDependencies": {
        "@leafer-in/interface": "^1.8.0",
        "@leafer-ui/draw": "^1.8.0",
        "@leafer-ui/interface": "^1.8.0"
      }
    },
    "node_modules/@leafer-in/resize": {
      "version": "1.8.0",
      "resolved": "https://registry.npmmirror.com/@leafer-in/resize/-/resize-1.8.0.tgz",
      "integrity": "sha512-TUWDySJVfxLwsqltbwqnGw+Ic7Fs7XOQAYzKZzyCEOq73oSlI/eB4SGNLq4uhP/95wnIZrtWp8dTGtYIyhiz2Q==",
      "license": "MIT",
      "peerDependencies": {
        "@leafer-in/interface": "^1.8.0",
        "@leafer-ui/draw": "^1.8.0",
        "@leafer-ui/interface": "^1.8.0"
      }
    },
    "node_modules/@leafer-in/robot": {
      "version": "1.8.0",
      "resolved": "https://registry.npmmirror.com/@leafer-in/robot/-/robot-1.8.0.tgz",
      "integrity": "sha512-JUIo0owH4JrQHTGIaCW/bhq2i1LqUvR97irNRDLZyk5BbBzBR2YTLpgVNXvrueOxiHm0CY/Ihh6ebRUtLDz8Uw==",
      "license": "MIT",
      "peerDependencies": {
        "@leafer-in/interface": "^1.8.0",
        "@leafer-ui/draw": "^1.8.0",
        "@leafer-ui/interface": "^1.8.0"
      }
    },
    "node_modules/@leafer-in/scroll": {
      "version": "1.8.0",
      "resolved": "https://registry.npmmirror.com/@leafer-in/scroll/-/scroll-1.8.0.tgz",
      "integrity": "sha512-9kc+BBx4rLM0zk6ZeljXm1f4d9rzRbnDZlCRBg+e9wFfxd6zY6pf1omIeNKbRi+GlUMlw4tCGzRBwwIFtzG/7Q==",
      "license": "MIT",
      "peerDependencies": {
        "@leafer-in/interface": "^1.8.0",
        "@leafer-ui/core": "^1.8.0",
        "@leafer-ui/interface": "^1.8.0"
      }
    },
    "node_modules/@leafer-in/state": {
      "version": "1.8.0",
      "resolved": "https://registry.npmmirror.com/@leafer-in/state/-/state-1.8.0.tgz",
      "integrity": "sha512-tjIUUK8uE6SwqPK2JoI8KVSPthvCwSqjAI4mUe7hH34d3G49kBcYAYKAww+eT3j24UsqgE9nRkWhRnnaCjhf7A==",
      "license": "MIT",
      "peerDependencies": {
        "@leafer-in/interface": "^1.8.0",
        "@leafer-ui/core": "^1.8.0",
        "@leafer-ui/interface": "^1.8.0"
      }
    },
    "node_modules/@leafer-in/text-editor": {
      "version": "1.8.0",
      "resolved": "https://registry.npmmirror.com/@leafer-in/text-editor/-/text-editor-1.8.0.tgz",
      "integrity": "sha512-B+ifyyHu3/FMqtwOGte1lgJC46IjJ5Qk8fNjL2gbMJi9MDOqRYdHgirDCFz/jFUDku8YQNznb0hRH4Z24KORYQ==",
      "license": "MIT",
      "peerDependencies": {
        "@leafer-in/editor": "^1.8.0",
        "@leafer-in/interface": "^1.8.0",
        "@leafer-ui/core": "^1.8.0",
        "@leafer-ui/interface": "^1.8.0"
      }
    },
    "node_modules/@leafer-in/view": {
      "version": "1.8.0",
      "resolved": "https://registry.npmmirror.com/@leafer-in/view/-/view-1.8.0.tgz",
      "integrity": "sha512-+p/HmocgUcwWJNRuXKh+j9AN8tzlT7bDeGBgmc6a14s2zVugVaIv2kfAIX//PYOdu8wBybr0u962d9R8T7xwDA==",
      "license": "MIT",
      "peerDependencies": {
        "@leafer-in/interface": "^1.8.0",
        "@leafer-ui/draw": "^1.8.0",
        "@leafer-ui/interface": "^1.8.0"
      }
    },
    "node_modules/@leafer-in/viewport": {
      "version": "1.8.0",
      "resolved": "https://registry.npmmirror.com/@leafer-in/viewport/-/viewport-1.8.0.tgz",
      "integrity": "sha512-Az6CYBY09lQ8Is9ULvKeyQLGob2jXZli9+X3hqoEZEviO2frDKIMY6pfdIL2Qyb+TmYGQLTwOK8vu9lwelsqzg==",
      "license": "MIT",
      "peerDependencies": {
        "@leafer-in/interface": "^1.8.0",
        "@leafer-ui/core": "^1.8.0",
        "@leafer-ui/interface": "^1.8.0"
      }
    },
    "node_modules/@leafer-ui/app": {
      "version": "1.8.0",
      "resolved": "https://registry.npmmirror.com/@leafer-ui/app/-/app-1.8.0.tgz",
      "integrity": "sha512-IapfZlekYrm32h2KfILlbdzcD7n4ncrzXLeM0h0XBK+4rRCqLrPNScPbzKtNhaMhFvq2NjLdfWVqmy63jXfj2g==",
      "license": "MIT",
      "dependencies": {
        "@leafer-ui/data": "1.8.0",
        "@leafer-ui/display": "1.8.0",
        "@leafer/core": "1.8.0"
      }
    },
    "node_modules/@leafer-ui/bounds": {
      "version": "1.8.0",
      "resolved": "https://registry.npmmirror.com/@leafer-ui/bounds/-/bounds-1.8.0.tgz",
      "integrity": "sha512-k72/biSCoUKNM7Gtk25R1AuBwdebT9b2XVveAqbaAq0CV6Wk0tUbjAnzyarSyzYn4BgrjPCTGl/lYtiPuIAiRQ==",
      "license": "MIT",
      "dependencies": {
        "@leafer/core": "1.8.0"
      }
    },
    "node_modules/@leafer-ui/color": {
      "version": "1.8.0",
      "resolved": "https://registry.npmmirror.com/@leafer-ui/color/-/color-1.8.0.tgz",
      "integrity": "sha512-WLw7rgA7zgVp8dp1hahWM8v8lo6HClUmpbWrsPTTlA7QXAiNpayfh8bV8NOhhwhQhCtxOEtC6UGKsBcTorwqMQ==",
      "license": "MIT",
      "dependencies": {
        "@leafer-ui/draw": "1.8.0"
      }
    },
    "node_modules/@leafer-ui/core": {
      "version": "1.8.0",
      "resolved": "https://registry.npmmirror.com/@leafer-ui/core/-/core-1.8.0.tgz",
      "integrity": "sha512-GkFRaNoArkFEEctzP5rKxOzFOnNzTLa9hLbvPQM/CFCBSSDdkx+BsnKBPkwHqvcRvGQLPZ3fhpoatxMoQncPug==",
      "license": "MIT",
      "dependencies": {
        "@leafer-ui/app": "1.8.0",
        "@leafer-ui/draw": "1.8.0",
        "@leafer-ui/event": "1.8.0",
        "@leafer-ui/hit": "1.8.0",
        "@leafer-ui/interaction": "1.8.0"
      }
    },
    "node_modules/@leafer-ui/data": {
      "version": "1.8.0",
      "resolved": "https://registry.npmmirror.com/@leafer-ui/data/-/data-1.8.0.tgz",
      "integrity": "sha512-J386mOuGuVbpCU9fYdNg2IAluufYhjP4latizX8YdPEAnS2qGgbz5OahLwyCtBLYH50mT6gMyL/HSFXY4Idj5g==",
      "license": "MIT",
      "dependencies": {
        "@leafer-ui/external": "1.8.0",
        "@leafer/core": "1.8.0"
      }
    },
    "node_modules/@leafer-ui/decorator": {
      "version": "1.8.0",
      "resolved": "https://registry.npmmirror.com/@leafer-ui/decorator/-/decorator-1.8.0.tgz",
      "integrity": "sha512-LGY8yqk+7TFhC0VgSV0jz1mHEY/6pLSmX5BNxuyomOBLzKbmW+EaWKl1JtuIBjg5ENXL5ZhVWfDZIs38fxM5Zw==",
      "license": "MIT",
      "dependencies": {
        "@leafer/core": "1.8.0"
      }
    },
    "node_modules/@leafer-ui/display": {
      "version": "1.8.0",
      "resolved": "https://registry.npmmirror.com/@leafer-ui/display/-/display-1.8.0.tgz",
      "integrity": "sha512-VrDOH5UTrYqAjLb2GIrVpTO33lHznxLDzP0IBqPduTGSe43BPMz7iNqUHwzgZDsV/qBKasLUtbrWcuk7SAp1fA==",
      "license": "MIT",
      "dependencies": {
        "@leafer-ui/data": "1.8.0",
        "@leafer-ui/decorator": "1.8.0",
        "@leafer-ui/display-module": "1.8.0",
        "@leafer-ui/external": "1.8.0",
        "@leafer/core": "1.8.0"
      }
    },
    "node_modules/@leafer-ui/display-module": {
      "version": "1.8.0",
      "resolved": "https://registry.npmmirror.com/@leafer-ui/display-module/-/display-module-1.8.0.tgz",
      "integrity": "sha512-69ZsFg+pUGskFa8kfO1OnmAz6q4q0/RNlmqbPE8B2D35J6JVJeITK1PBxGOGB/hKhDdoGUDpkb/MuKeIiIhNoA==",
      "license": "MIT",
      "dependencies": {
        "@leafer-ui/bounds": "1.8.0",
        "@leafer-ui/data": "1.8.0",
        "@leafer-ui/render": "1.8.0"
      }
    },
    "node_modules/@leafer-ui/draw": {
      "version": "1.8.0",
      "resolved": "https://registry.npmmirror.com/@leafer-ui/draw/-/draw-1.8.0.tgz",
      "integrity": "sha512-utYzJ4IIP2GaKWTVaO19gnlrz0HMXmzgvkcsovW5JoOQIi7XpB3yFXf7tUTUb9HdcVMAK7jssz4T0E4EiMaWvQ==",
      "license": "MIT",
      "dependencies": {
        "@leafer-ui/decorator": "1.8.0",
        "@leafer-ui/display": "1.8.0",
        "@leafer-ui/display-module": "1.8.0",
        "@leafer-ui/external": "1.8.0",
        "@leafer/core": "1.8.0"
      }
    },
    "node_modules/@leafer-ui/effect": {
      "version": "1.8.0",
      "resolved": "https://registry.npmmirror.com/@leafer-ui/effect/-/effect-1.8.0.tgz",
      "integrity": "sha512-on6jWBrGizw4pV1ZAtauwkA2e/jzf/aULfDrjVwwD5IrzLepcNoCJjE+ZQyabLU2KnRKKmjsvaGfMyYbpnjHfA==",
      "license": "MIT",
      "dependencies": {
        "@leafer-ui/draw": "1.8.0",
        "@leafer/core": "1.8.0"
      }
    },
    "node_modules/@leafer-ui/event": {
      "version": "1.8.0",
      "resolved": "https://registry.npmmirror.com/@leafer-ui/event/-/event-1.8.0.tgz",
      "integrity": "sha512-jwaUKogwmq5wjhjiV01DCGxRcEY1MgszrQ5KokpLPnHCVPnxjBzrnJ808OAkXxwtrsNeFSpBDNOCbRvY4A0+qQ==",
      "license": "MIT",
      "dependencies": {
        "@leafer/core": "1.8.0"
      }
    },
    "node_modules/@leafer-ui/external": {
      "version": "1.8.0",
      "resolved": "https://registry.npmmirror.com/@leafer-ui/external/-/external-1.8.0.tgz",
      "integrity": "sha512-nyyVTkM8X3KPJou7cX3+npc4C9a5YSAUviu95auSEFWlF/OBzdUQ2wwG6JKvN+BZzNOTgWgqByyRNbChI90xXw==",
      "license": "MIT",
      "dependencies": {
        "@leafer/core": "1.8.0"
      }
    },
    "node_modules/@leafer-ui/hit": {
      "version": "1.8.0",
      "resolved": "https://registry.npmmirror.com/@leafer-ui/hit/-/hit-1.8.0.tgz",
      "integrity": "sha512-LpCoPlELmUOcERtibj0IZpSokhWOJksWJrxxdHWLgS0nDqfuu1OYkLNl3OWsYiejSPyDdODD6R7bLfWSOSjz8Q==",
      "license": "MIT",
      "dependencies": {
        "@leafer-ui/draw": "1.8.0",
        "@leafer/core": "1.8.0"
      }
    },
    "node_modules/@leafer-ui/interaction": {
      "version": "1.8.0",
      "resolved": "https://registry.npmmirror.com/@leafer-ui/interaction/-/interaction-1.8.0.tgz",
      "integrity": "sha512-SCIP5nvGNb5z9i1HcCFXiHNk1gNvmIdoH+PcZFwoN35bYAlkIeRx9pDTSxrLBoVpJq4FXxt2qQrR9+IwZuJ3/A==",
      "license": "MIT",
      "dependencies": {
        "@leafer-ui/draw": "1.8.0",
        "@leafer-ui/event": "1.8.0",
        "@leafer/core": "1.8.0"
      }
    },
    "node_modules/@leafer-ui/interaction-web": {
      "version": "1.8.0",
      "resolved": "https://registry.npmmirror.com/@leafer-ui/interaction-web/-/interaction-web-1.8.0.tgz",
      "integrity": "sha512-HhySVSnjHm4BGEyw8mqoNyyzf2fmzV1V/yHw5i5UOrbJol58f12xGY8J6zoMLKrcXh4VfZQ+uaqjOWiYjOiLGw==",
      "license": "MIT",
      "dependencies": {
        "@leafer-ui/core": "1.8.0",
        "@leafer/core": "1.8.0"
      }
    },
    "node_modules/@leafer-ui/interface": {
      "version": "1.8.0",
      "resolved": "https://registry.npmmirror.com/@leafer-ui/interface/-/interface-1.8.0.tgz",
      "integrity": "sha512-cwZutgshMWVg22xzJ9+34Ye/HX0W6LxMyQwoPtDlMUMQKvBW5EHRfQ5dv4d16X9PFxA0N7Djm0u7/TIpjrCh0g==",
      "license": "MIT",
      "dependencies": {
        "@leafer/interface": "1.8.0"
      }
    },
    "node_modules/@leafer-ui/paint": {
      "version": "1.8.0",
      "resolved": "https://registry.npmmirror.com/@leafer-ui/paint/-/paint-1.8.0.tgz",
      "integrity": "sha512-8F5XgJS0lflpA2W6GxJVQw8bjv9H5dCc0JdjHbQEcaKMFk0vQzjm6d61HbjWXEW61jHXZC+rXtDOi3T1MrQVVg==",
      "license": "MIT",
      "dependencies": {
        "@leafer-ui/draw": "1.8.0",
        "@leafer/core": "1.8.0"
      }
    },
    "node_modules/@leafer-ui/partner": {
      "version": "1.8.0",
      "resolved": "https://registry.npmmirror.com/@leafer-ui/partner/-/partner-1.8.0.tgz",
      "integrity": "sha512-3VBx61FoR8/zSXslmWstg/u7qulzBvi3e+iMl+fW0ruWeNx95VdM4W3LG3am9RQ92fqnKdF1ebgpoKZcIm5ajQ==",
      "license": "MIT",
      "dependencies": {
        "@leafer-ui/color": "1.8.0",
        "@leafer-ui/draw": "1.8.0",
        "@leafer-ui/effect": "1.8.0",
        "@leafer-ui/paint": "1.8.0",
        "@leafer-ui/text": "1.8.0"
      }
    },
    "node_modules/@leafer-ui/render": {
      "version": "1.8.0",
      "resolved": "https://registry.npmmirror.com/@leafer-ui/render/-/render-1.8.0.tgz",
      "integrity": "sha512-1gEx9FmlvyhYMqGrh4ogTv3MuJnti4pIBqPtrI+8grPQ1cpjwS36ghV+7LNhb6y+oPOwqw/22+KIG35ObxVLEA==",
      "license": "MIT",
      "dependencies": {
        "@leafer-ui/external": "1.8.0"
      }
    },
    "node_modules/@leafer-ui/text": {
      "version": "1.8.0",
      "resolved": "https://registry.npmmirror.com/@leafer-ui/text/-/text-1.8.0.tgz",
      "integrity": "sha512-7IXXDjP8DkzIniOI1ow/6rMlYknBCRltGo7lyFy2besI32mS1yIobXlO60/uTCtfAJVPL5Wtr8ZACm0sf5UrUA==",
      "license": "MIT",
      "dependencies": {
        "@leafer/core": "1.8.0"
      }
    },
    "node_modules/@leafer-ui/web": {
      "version": "1.8.0",
      "resolved": "https://registry.npmmirror.com/@leafer-ui/web/-/web-1.8.0.tgz",
      "integrity": "sha512-tG0OQl+U2+6dNXmWzQzczReAH63H7eJPNkCwRxSMopipvVLR0ix3YgpHFrCBzd05yH2x1S5xJ9aUJin+bgAUfA==",
      "license": "MIT",
      "dependencies": {
        "@leafer-in/interface": "1.8.0",
        "@leafer-ui/core": "1.8.0",
        "@leafer-ui/draw": "1.8.0",
        "@leafer-ui/interaction-web": "1.8.0",
        "@leafer-ui/interface": "1.8.0",
        "@leafer-ui/partner": "1.8.0",
        "@leafer/canvas-web": "1.8.0",
        "@leafer/core": "1.8.0",
        "@leafer/image-web": "1.8.0",
        "@leafer/interface": "1.8.0",
        "@leafer/partner": "1.8.0"
      }
    },
    "node_modules/@leafer/canvas": {
      "version": "1.8.0",
      "resolved": "https://registry.npmmirror.com/@leafer/canvas/-/canvas-1.8.0.tgz",
      "integrity": "sha512-8s02D1lR4cFbNZV63WbjONgr54FuffQS9YRGml2FuRhGwgTHF6UGMQ5u7CWx9YLGgCcW4DdBqS8v1KX1MVJzOA==",
      "license": "MIT",
      "dependencies": {
        "@leafer/data": "1.8.0",
        "@leafer/debug": "1.8.0",
        "@leafer/file": "1.8.0",
        "@leafer/list": "1.8.0",
        "@leafer/math": "1.8.0",
        "@leafer/path": "1.8.0",
        "@leafer/platform": "1.8.0"
      }
    },
    "node_modules/@leafer/canvas-web": {
      "version": "1.8.0",
      "resolved": "https://registry.npmmirror.com/@leafer/canvas-web/-/canvas-web-1.8.0.tgz",
      "integrity": "sha512-gYRmiK0WATOY1caiUTnHB0xfqvuI2oi9SW1fykIdLI/cVQfANtaOaL8mOajiwQIZv64yK630UEQIFobHkUEA5A==",
      "license": "MIT",
      "dependencies": {
        "@leafer/core": "1.8.0"
      }
    },
    "node_modules/@leafer/core": {
      "version": "1.8.0",
      "resolved": "https://registry.npmmirror.com/@leafer/core/-/core-1.8.0.tgz",
      "integrity": "sha512-BOvWte6IEv5Tyrf0rx6lplwtfd7It4DtGU9js//rCZwfaocRlJCLTgcGEXk97DkdUiDeJ8gxaJiMp9CTq4CjAA==",
      "license": "MIT",
      "dependencies": {
        "@leafer/canvas": "1.8.0",
        "@leafer/data": "1.8.0",
        "@leafer/debug": "1.8.0",
        "@leafer/decorator": "1.8.0",
        "@leafer/display": "1.8.0",
        "@leafer/display-module": "1.8.0",
        "@leafer/event": "1.8.0",
        "@leafer/file": "1.8.0",
        "@leafer/helper": "1.8.0",
        "@leafer/image": "1.8.0",
        "@leafer/layout": "1.8.0",
        "@leafer/list": "1.8.0",
        "@leafer/math": "1.8.0",
        "@leafer/path": "1.8.0",
        "@leafer/platform": "1.8.0",
        "@leafer/task": "1.8.0"
      }
    },
    "node_modules/@leafer/data": {
      "version": "1.8.0",
      "resolved": "https://registry.npmmirror.com/@leafer/data/-/data-1.8.0.tgz",
      "integrity": "sha512-qzVFYNlHBJzhF23duqIxWrKwJ+kfidU0h1QiH+zbVwEdIaDGT7obiXZEzwR+kjLPftVb8gyZrZoyHgvWu43ErA==",
      "license": "MIT"
    },
    "node_modules/@leafer/debug": {
      "version": "1.8.0",
      "resolved": "https://registry.npmmirror.com/@leafer/debug/-/debug-1.8.0.tgz",
      "integrity": "sha512-zqM7091uVP1OCiumJle6/t9Imc7GiM6AlX2FkvMi65YO9Ob9wmzE8X2lzA2/yggiCtbGdLRbC53Ghm1x3PrI3A==",
      "license": "MIT",
      "dependencies": {
        "@leafer/math": "1.8.0"
      }
    },
    "node_modules/@leafer/decorator": {
      "version": "1.8.0",
      "resolved": "https://registry.npmmirror.com/@leafer/decorator/-/decorator-1.8.0.tgz",
      "integrity": "sha512-kdnN3JydJmBvyGK9dBZRA7mv3bawU3l3mNOclR/OWzH2uESo7tbOsDqqRdKjcKG85reMlsdKPt06Nd3FhrlmTQ==",
      "license": "MIT",
      "dependencies": {
        "@leafer/data": "1.8.0",
        "@leafer/debug": "1.8.0",
        "@leafer/platform": "1.8.0"
      }
    },
    "node_modules/@leafer/display": {
      "version": "1.8.0",
      "resolved": "https://registry.npmmirror.com/@leafer/display/-/display-1.8.0.tgz",
      "integrity": "sha512-rIUOrG8nJhFmK61ulo846zpvgH6ogI9ojZ9RMMBfvVL2N81CYF7/u+7QcgCKJB0GdLlCaDgmyXuCAozuAik7Gg==",
      "license": "MIT",
      "dependencies": {
        "@leafer/data": "1.8.0",
        "@leafer/debug": "1.8.0",
        "@leafer/decorator": "1.8.0",
        "@leafer/display-module": "1.8.0",
        "@leafer/event": "1.8.0",
        "@leafer/helper": "1.8.0",
        "@leafer/image": "1.8.0",
        "@leafer/layout": "1.8.0",
        "@leafer/math": "1.8.0",
        "@leafer/platform": "1.8.0"
      }
    },
    "node_modules/@leafer/display-module": {
      "version": "1.8.0",
      "resolved": "https://registry.npmmirror.com/@leafer/display-module/-/display-module-1.8.0.tgz",
      "integrity": "sha512-ZdXKjfcYCDHzUSx6GsGJh3SQLyQZFZ3TcRpseF/IAmQpmLwujKvAdltLlN30eNEsil6qqEOORuNqQHGyd6YFQA==",
      "license": "MIT",
      "dependencies": {
        "@leafer/debug": "1.8.0",
        "@leafer/event": "1.8.0",
        "@leafer/helper": "1.8.0",
        "@leafer/math": "1.8.0"
      }
    },
    "node_modules/@leafer/event": {
      "version": "1.8.0",
      "resolved": "https://registry.npmmirror.com/@leafer/event/-/event-1.8.0.tgz",
      "integrity": "sha512-PHBvoZ2LLnI5HY3L5SyKHvIUoyMFitNj7Nn2fqF6yUHp9BQzhKV2gLuyn7RjhpnPta4Xo88ruLADFO0yWlG5gA==",
      "license": "MIT",
      "dependencies": {
        "@leafer/decorator": "1.8.0",
        "@leafer/math": "1.8.0",
        "@leafer/platform": "1.8.0"
      }
    },
    "node_modules/@leafer/file": {
      "version": "1.8.0",
      "resolved": "https://registry.npmmirror.com/@leafer/file/-/file-1.8.0.tgz",
      "integrity": "sha512-JwYTv1p/cIhAQv5iXT86gRInwHQz/kLKaQAREi7oA9bacyBQ+2cE4r695I7Nok7JyqTFEe5DtK3g2sm3Ueqfgg==",
      "license": "MIT",
      "dependencies": {
        "@leafer/debug": "1.8.0"
      }
    },
    "node_modules/@leafer/helper": {
      "version": "1.8.0",
      "resolved": "https://registry.npmmirror.com/@leafer/helper/-/helper-1.8.0.tgz",
      "integrity": "sha512-cTai2P/Fy0Rxr+Lno111pseNJF5xU0ctowTV4lFW+6cOnaGpqeJoTGFkO9MeSOFeSRBjxe7ecfsNoGGzm3THoA==",
      "license": "MIT",
      "dependencies": {
        "@leafer/math": "1.8.0",
        "@leafer/platform": "1.8.0"
      }
    },
    "node_modules/@leafer/image": {
      "version": "1.8.0",
      "resolved": "https://registry.npmmirror.com/@leafer/image/-/image-1.8.0.tgz",
      "integrity": "sha512-XElWxR5RZeiTKF+ntdTf5d3wxt2xj7BLh3N3q1Z5Y9ymf73P+efcWV/CaNPRpP8M6uXomQLwYE8KbRa79y5ZVw==",
      "license": "MIT",
      "dependencies": {
        "@leafer/data": "1.8.0",
        "@leafer/file": "1.8.0",
        "@leafer/math": "1.8.0",
        "@leafer/platform": "1.8.0",
        "@leafer/task": "1.8.0"
      }
    },
    "node_modules/@leafer/image-web": {
      "version": "1.8.0",
      "resolved": "https://registry.npmmirror.com/@leafer/image-web/-/image-web-1.8.0.tgz",
      "integrity": "sha512-OGcBG1ALIeF2pjMoSwJlrfEL1KQbu1TfJDYMqLGydM1Ygt5w/FHJrsqtd/zBJlmjxZSVCmA5C8DDlbFkKpqJOw==",
      "license": "MIT",
      "dependencies": {
        "@leafer/core": "1.8.0"
      }
    },
    "node_modules/@leafer/interface": {
      "version": "1.8.0",
      "resolved": "https://registry.npmmirror.com/@leafer/interface/-/interface-1.8.0.tgz",
      "integrity": "sha512-76jOG0AabfIw8WMI8nulb1FKylBcVnpucuiTjml5df6P991wcH8xsDSQtRCaOKrsl0C2DbW62BVwst1NHHHalQ==",
      "license": "MIT"
    },
    "node_modules/@leafer/layout": {
      "version": "1.8.0",
      "resolved": "https://registry.npmmirror.com/@leafer/layout/-/layout-1.8.0.tgz",
      "integrity": "sha512-t6tisD+dcKSwyAaKV/EIPRrrx/HCQn9vGrZxTVSs/sXGdM7Sfhv2Kp9/QJm7lEceVbVmAWWQX/3QMWs1bj8xKA==",
      "license": "MIT",
      "dependencies": {
        "@leafer/helper": "1.8.0",
        "@leafer/math": "1.8.0",
        "@leafer/platform": "1.8.0"
      }
    },
    "node_modules/@leafer/layouter": {
      "version": "1.8.0",
      "resolved": "https://registry.npmmirror.com/@leafer/layouter/-/layouter-1.8.0.tgz",
      "integrity": "sha512-prrsYdlHsUjYSLBuotmmbWYNhML5EkLqD6NPPbl43eBd0nGVZJZMTmgVZNcjn/Ms2MGf15IeVIg1VhAuFlp2fg==",
      "license": "MIT",
      "dependencies": {
        "@leafer/core": "1.8.0"
      }
    },
    "node_modules/@leafer/list": {
      "version": "1.8.0",
      "resolved": "https://registry.npmmirror.com/@leafer/list/-/list-1.8.0.tgz",
      "integrity": "sha512-eySBH8eRcoW4P9N5Doj6xgFwQ5AqgzG+jR9jhd1VDaV4mVjK+PnBxLWLkg/ZNZgYX38HEtQZ02qMiDFOHmBA6g==",
      "license": "MIT"
    },
    "node_modules/@leafer/math": {
      "version": "1.8.0",
      "resolved": "https://registry.npmmirror.com/@leafer/math/-/math-1.8.0.tgz",
      "integrity": "sha512-X0VaEqgCOAHZUsiiYWqoENvE5lHrglfuKaX3fkers31UgjPN0wmTSbk+N4kXR9ssq6wq3KzJIRdPyPLVTMoo5A==",
      "license": "MIT"
    },
    "node_modules/@leafer/partner": {
      "version": "1.8.0",
      "resolved": "https://registry.npmmirror.com/@leafer/partner/-/partner-1.8.0.tgz",
      "integrity": "sha512-qILWj6XIj3wpCgZPs/hh/Z7BgI6/fYcjC/aJRETz87X9anL5GtlrVP7FDvb2O5uD8fiSRkqoeMWhUmVCnIclZg==",
      "license": "MIT",
      "dependencies": {
        "@leafer/core": "1.8.0",
        "@leafer/layouter": "1.8.0",
        "@leafer/renderer": "1.8.0",
        "@leafer/selector": "1.8.0",
        "@leafer/watcher": "1.8.0"
      }
    },
    "node_modules/@leafer/path": {
      "version": "1.8.0",
      "resolved": "https://registry.npmmirror.com/@leafer/path/-/path-1.8.0.tgz",
      "integrity": "sha512-FXxkxc4Yckr+zBO+Ejz4aKtIC0mV3Jmx/0Vl8uOVT5GOzpbJvGdZYM4a5jRMddUJn5I/C0F1QWjXTGqHX/6fSA==",
      "license": "MIT",
      "dependencies": {
        "@leafer/debug": "1.8.0",
        "@leafer/math": "1.8.0"
      }
    },
    "node_modules/@leafer/platform": {
      "version": "1.8.0",
      "resolved": "https://registry.npmmirror.com/@leafer/platform/-/platform-1.8.0.tgz",
      "integrity": "sha512-EuwwMKowbQ3tcPffa3hFDkAm+odvJmH0f+b8QzSBlS9SXO2H6FMcizxMqrnSt7CmBEQY7PZEazXGxYMaptUflA==",
      "license": "MIT",
      "dependencies": {
        "@leafer/debug": "1.8.0",
        "@leafer/layouter": "1.8.0"
      }
    },
    "node_modules/@leafer/renderer": {
      "version": "1.8.0",
      "resolved": "https://registry.npmmirror.com/@leafer/renderer/-/renderer-1.8.0.tgz",
      "integrity": "sha512-rXmSRJW2lDlDJFeJwJEwd7gxU8IPtW7ysJ9xHoj+vqeeIFn8xxBZiYjE4/Y+CNCR4eebOC2qseLYzTV99+QIhA==",
      "license": "MIT",
      "dependencies": {
        "@leafer/core": "1.8.0"
      }
    },
    "node_modules/@leafer/selector": {
      "version": "1.8.0",
      "resolved": "https://registry.npmmirror.com/@leafer/selector/-/selector-1.8.0.tgz",
      "integrity": "sha512-uljegY6ia0UodTnd8G0wYXo1KbT31+PXgNvnSdrV5Jd+n8snjUoAKA6wkfbTIAZoLFbIEoge5alJ2WMvyF+4QQ==",
      "license": "MIT",
      "dependencies": {
        "@leafer/core": "1.8.0"
      }
    },
    "node_modules/@leafer/task": {
      "version": "1.8.0",
      "resolved": "https://registry.npmmirror.com/@leafer/task/-/task-1.8.0.tgz",
      "integrity": "sha512-i+oFTC9jX0k4MKek4zhuezkNwH5n1m/TZ2eCy+uw6Hwt8i4LCX2tY/mNcFJGtNztBBHxbT3pe/oCM8Pi2nuYag==",
      "license": "MIT",
      "dependencies": {
        "@leafer/debug": "1.8.0",
        "@leafer/math": "1.8.0"
      }
    },
    "node_modules/@leafer/watcher": {
      "version": "1.8.0",
      "resolved": "https://registry.npmmirror.com/@leafer/watcher/-/watcher-1.8.0.tgz",
      "integrity": "sha512-Co37fD2k6sr7ZrKpM1NghpX0iVMvA51NKSPk3MxDbLUyzBRCmbhyLlvT68CW09L1Vb+9WOvuQA3kdQ4QUrOTew==",
      "license": "MIT",
      "dependencies": {
        "@leafer/data": "1.8.0",
        "@leafer/event": "1.8.0",
        "@leafer/list": "1.8.0"
      }
    },
    "node_modules/@leafer/web": {
      "version": "1.8.0",
      "resolved": "https://registry.npmmirror.com/@leafer/web/-/web-1.8.0.tgz",
      "integrity": "sha512-pEOm1aBzD/7gdfH9RJdg8h7K/yx77KqrqoDWA1iRJWmh7Zxmfdft9c67u4MZG4Rf5mbpCsjHOvQmypcDKdkyvQ==",
      "license": "MIT",
      "dependencies": {
        "@leafer-in/animate": "1.8.0",
        "@leafer-in/arrow": "1.8.0",
        "@leafer-in/color": "1.8.0",
        "@leafer-in/editor": "1.8.0",
        "@leafer-in/export": "1.8.0",
        "@leafer-in/filter": "1.8.0",
        "@leafer-in/find": "1.8.0",
        "@leafer-in/flow": "1.8.0",
        "@leafer-in/html": "1.8.0",
        "@leafer-in/interface": "1.8.0",
        "@leafer-in/motion-path": "1.8.0",
        "@leafer-in/resize": "1.8.0",
        "@leafer-in/robot": "1.8.0",
        "@leafer-in/scroll": "1.8.0",
        "@leafer-in/state": "1.8.0",
        "@leafer-in/text-editor": "1.8.0",
        "@leafer-in/view": "1.8.0",
        "@leafer-in/viewport": "1.8.0",
        "@leafer-ui/core": "1.8.0",
        "@leafer-ui/draw": "1.8.0",
        "leafer-ui": "1.8.0"
      }
    },
    "node_modules/leafer": {
      "version": "1.8.0",
      "resolved": "https://registry.npmmirror.com/leafer/-/leafer-1.8.0.tgz",
      "integrity": "sha512-j+o9Rb+sP77jHb6cQC5Ku3WLdT8JNZlPptQBv0Hr/fJyQZRf9Twm46WMqroyOFHqV7gzw0pcoFCD6Ixlb7MTgw==",
      "license": "MIT",
      "dependencies": {
        "@leafer-in/animate": "1.8.0",
        "@leafer-in/arrow": "1.8.0",
        "@leafer-in/color": "1.8.0",
        "@leafer-in/editor": "1.8.0",
        "@leafer-in/export": "1.8.0",
        "@leafer-in/filter": "1.8.0",
        "@leafer-in/find": "1.8.0",
        "@leafer-in/flow": "1.8.0",
        "@leafer-in/html": "1.8.0",
        "@leafer-in/interface": "1.8.0",
        "@leafer-in/motion-path": "1.8.0",
        "@leafer-in/resize": "1.8.0",
        "@leafer-in/robot": "1.8.0",
        "@leafer-in/scroll": "1.8.0",
        "@leafer-in/state": "1.8.0",
        "@leafer-in/text-editor": "1.8.0",
        "@leafer-in/view": "1.8.0",
        "@leafer-in/viewport": "1.8.0",
        "@leafer-ui/core": "1.8.0",
        "@leafer-ui/draw": "1.8.0",
        "@leafer/web": "1.8.0",
        "leafer-ui": "1.8.0"
      }
    },
    "node_modules/leafer-ui": {
      "version": "1.8.0",
      "resolved": "https://registry.npmmirror.com/leafer-ui/-/leafer-ui-1.8.0.tgz",
      "integrity": "sha512-Y/jXyC3ZJ8DCkifUfIgSqt38fwdf1UJ8//IKWntvCXVlEx9R50vx33rxf1VVHQq0NWcfH6U64k+VzDLSXq/rFA==",
      "license": "MIT",
      "dependencies": {
        "@leafer-in/interface": "1.8.0",
        "@leafer-ui/core": "1.8.0",
        "@leafer-ui/draw": "1.8.0",
        "@leafer-ui/interaction-web": "1.8.0",
        "@leafer-ui/interface": "1.8.0",
        "@leafer-ui/partner": "1.8.0",
        "@leafer-ui/web": "1.8.0",
        "@leafer/core": "1.8.0",
        "@leafer/interface": "1.8.0",
        "@leafer/partner": "1.8.0"
      }
    }
  }
}
