{
  "name": "element-plus-leafer",
  "version": "0.0.5",
  "lockfileVersion": 3,
  "requires": true,
  "packages": {
    "": {
      "name": "element-plus-leafer",
      "version": "0.0.5",
      "license": "MIT",
      "dependencies": {
        "@ctrl/tinycolor": "^4.1.0",
        "@leafer-in/animate": "^1.0.7",
        "@leafer-in/flow": "^1.0.7",
        "@leafer-in/state": "^1.0.7",
        "leafer-ui": "^1.0.7"
      }
    },
    "node_modules/@ctrl/tinycolor": {
      "version": "4.1.0",
      "resolved": "https://registry.npmmirror.com/@ctrl/tinycolor/-/tinycolor-4.1.0.tgz",
      "integrity": "sha512-WyOx8cJQ+FQus4Mm4uPIZA64gbk3Wxh0so5Lcii0aJifqwoVOlfFtorjLE0Hen4OYyHZMXDWqMmaQemBhgxFRQ==",
      "license": "MIT",
      "engines": {
        "node": ">=14"
      }
    },
    "node_modules/@leafer-in/animate": {
      "version": "1.0.7",
      "resolved": "https://registry.npmmirror.com/@leafer-in/animate/-/animate-1.0.7.tgz",
      "integrity": "sha512-laICVFNAnlM5sxjEJRxdWrAckgaqZyc+BVXFYj2puBQVTKO6TN/Hk5rlIgNLjPRVT9Xy0eyBJevQtt4d6kj0gw==",
      "license": "MIT",
      "dependencies": {
        "@leafer-in/color": "^1.0.7",
        "@leafer-in/interface": "^1.0.7",
        "@leafer-ui/draw": "^1.0.7",
        "@leafer-ui/interface": "^1.0.7"
      }
    },
    "node_modules/@leafer-in/color": {
      "version": "1.0.7",
      "resolved": "https://registry.npmmirror.com/@leafer-in/color/-/color-1.0.7.tgz",
      "integrity": "sha512-YN3jYIRYfd1GU7hmD0jSPogVBBPgFgDX6c4Fs3SaIRXz1mnsMFnXTeX1mfV4vu2oskUEQhrdqogpbWE4HI1KZA==",
      "license": "MIT",
      "dependencies": {
        "@leafer-in/interface": "^1.0.7",
        "@leafer-ui/draw": "^1.0.7",
        "@leafer-ui/interface": "^1.0.7"
      }
    },
    "node_modules/@leafer-in/flow": {
      "version": "1.0.7",
      "resolved": "https://registry.npmmirror.com/@leafer-in/flow/-/flow-1.0.7.tgz",
      "integrity": "sha512-bDKbujvSR1/kje3z3dgzEwKFYN99YwMT2sy+x9kw7No25/bY7ezDWbGaH95AAyhv5XwT+YFwgjJPZ2x16LY0Ug==",
      "license": "MIT",
      "dependencies": {
        "@leafer-in/interface": "^1.0.7",
        "@leafer-in/resize": "^1.0.7",
        "@leafer-ui/draw": "^1.0.7",
        "@leafer-ui/interface": "^1.0.7"
      }
    },
    "node_modules/@leafer-in/interface": {
      "version": "1.0.7",
      "resolved": "https://registry.npmmirror.com/@leafer-in/interface/-/interface-1.0.7.tgz",
      "integrity": "sha512-5WG2qrXeObPbMm9K98tT5hp049Y2cv/oyR71ac4YNhF7y6SMJC9+bXiOp11xLXAFZt0SSx8H55J8wbI0N0Y8gA==",
      "license": "MIT",
      "dependencies": {
        "@leafer-ui/interface": "^1.0.7",
        "@leafer/interface": "^1.0.7"
      }
    },
    "node_modules/@leafer-in/resize": {
      "version": "1.0.7",
      "resolved": "https://registry.npmmirror.com/@leafer-in/resize/-/resize-1.0.7.tgz",
      "integrity": "sha512-hzKo7sj46ZfDSbC1coa+QUHVkfbiFWAmzdrO6UlWN22g+HVPauv+ZxFyooZP0MMyaxu/nT2Uhc8VwxMzNze1yQ==",
      "license": "MIT",
      "dependencies": {
        "@leafer-ui/draw": "^1.0.7",
        "@leafer-ui/interface": "^1.0.7"
      }
    },
    "node_modules/@leafer-in/state": {
      "version": "1.0.7",
      "resolved": "https://registry.npmmirror.com/@leafer-in/state/-/state-1.0.7.tgz",
      "integrity": "sha512-R5XB6+YCDWEjQ19nM3u8SwDsbYTc8lU00W3jmNMXYeV+SsnqbUOyzSS3wRRK3ccKptlGlsIBE9nniPHJ0UESlw==",
      "license": "MIT",
      "dependencies": {
        "@leafer-in/interface": "^1.0.7",
        "@leafer-ui/core": "^1.0.7",
        "@leafer-ui/interface": "^1.0.7"
      }
    },
    "node_modules/@leafer-ui/app": {
      "version": "1.0.7",
      "resolved": "https://registry.npmmirror.com/@leafer-ui/app/-/app-1.0.7.tgz",
      "integrity": "sha512-oup/oxxa7cQOPjF+X5doHkgThtcuYY9kd9eb87XRDvFuZJ96ncoN1Y38hyyMWR82r6nVK72ix+vqa36dZv/eDw==",
      "license": "MIT",
      "dependencies": {
        "@leafer-ui/data": "1.0.7",
        "@leafer-ui/display": "1.0.7",
        "@leafer-ui/type": "1.0.7",
        "@leafer/core": "1.0.7"
      }
    },
    "node_modules/@leafer-ui/bounds": {
      "version": "1.0.7",
      "resolved": "https://registry.npmmirror.com/@leafer-ui/bounds/-/bounds-1.0.7.tgz",
      "integrity": "sha512-sb/jJQwDeBHsOg2VFpBcrPvnjssWC3YGUiRr85Ua8ipvCxV6kMIeNVSpW5e3G4ZzovaGFHmJBQv6T1EEOk4v9Q==",
      "license": "MIT",
      "dependencies": {
        "@leafer/core": "1.0.7"
      }
    },
    "node_modules/@leafer-ui/color": {
      "version": "1.0.7",
      "resolved": "https://registry.npmmirror.com/@leafer-ui/color/-/color-1.0.7.tgz",
      "integrity": "sha512-RnZ6rZ4Hgrn/poK0oQ0wUw4Yy68NbWS2Cg9ZquEJt0wwhU7BzV+eSRet+TA9YttTRyz9treiU9vTdFsgwjBKkQ==",
      "license": "MIT",
      "dependencies": {
        "@leafer-ui/draw": "1.0.7"
      }
    },
    "node_modules/@leafer-ui/core": {
      "version": "1.0.7",
      "resolved": "https://registry.npmmirror.com/@leafer-ui/core/-/core-1.0.7.tgz",
      "integrity": "sha512-zDeURQUjNLFiPd1mcv+5Cpsq3qhMMid4V4fZr4xsueTwhBowfKtPIxbRmELTTGezz0s9JU2y3TzklhJ8EjGdJg==",
      "license": "MIT",
      "dependencies": {
        "@leafer-ui/app": "1.0.7",
        "@leafer-ui/draw": "1.0.7",
        "@leafer-ui/event": "1.0.7",
        "@leafer-ui/hit": "1.0.7",
        "@leafer-ui/interaction": "1.0.7",
        "@leafer-ui/type": "1.0.7"
      }
    },
    "node_modules/@leafer-ui/data": {
      "version": "1.0.7",
      "resolved": "https://registry.npmmirror.com/@leafer-ui/data/-/data-1.0.7.tgz",
      "integrity": "sha512-R3Rilp2DcC7ThCsIVamipo32ztTZZHqcqAynTCb90MMxZv8lhQYiAQCB2xmr2Fp8bP3cbUaqpoxRmMfugnn4Dg==",
      "license": "MIT",
      "dependencies": {
        "@leafer-ui/external": "1.0.7",
        "@leafer/core": "1.0.7"
      }
    },
    "node_modules/@leafer-ui/decorator": {
      "version": "1.0.7",
      "resolved": "https://registry.npmmirror.com/@leafer-ui/decorator/-/decorator-1.0.7.tgz",
      "integrity": "sha512-n92cjuJdXMcLLMknA5JXRjmO5PatcZyyTBdHrZd481506d7eigRG5nDFZZPjfFKiyz+7xw+xbitew2W5tpS0sQ==",
      "license": "MIT",
      "dependencies": {
        "@leafer/core": "1.0.7"
      }
    },
    "node_modules/@leafer-ui/display": {
      "version": "1.0.7",
      "resolved": "https://registry.npmmirror.com/@leafer-ui/display/-/display-1.0.7.tgz",
      "integrity": "sha512-TRcFnkkMpkUvnkbWVEx1smADB+aMxhSCWy9k9i/fNyAlliJkxm0wxCsLZWXVsrILtjDC4EId0K8VGsBFj+/Gng==",
      "license": "MIT",
      "dependencies": {
        "@leafer-ui/data": "1.0.7",
        "@leafer-ui/decorator": "1.0.7",
        "@leafer-ui/display-module": "1.0.7",
        "@leafer-ui/external": "1.0.7",
        "@leafer/core": "1.0.7"
      }
    },
    "node_modules/@leafer-ui/display-module": {
      "version": "1.0.7",
      "resolved": "https://registry.npmmirror.com/@leafer-ui/display-module/-/display-module-1.0.7.tgz",
      "integrity": "sha512-Lv4Nhdq4z3TWh/uVicY4izng3vhfB4C3X6OsJ32+o7E7MQZJOeqLeiFgIGIVDRzrUa+UVJr6vrjnGUzutdXz5Q==",
      "license": "MIT",
      "dependencies": {
        "@leafer-ui/bounds": "1.0.7",
        "@leafer-ui/data": "1.0.7",
        "@leafer-ui/render": "1.0.7"
      }
    },
    "node_modules/@leafer-ui/draw": {
      "version": "1.0.7",
      "resolved": "https://registry.npmmirror.com/@leafer-ui/draw/-/draw-1.0.7.tgz",
      "integrity": "sha512-GEWyV86NY6NwgkSA0jN8uMvJ+O5E74P5XybiHMQshmhazN049Gp7ITH1dSHhV7hBEb4yWmYUt+EkD9RPgKYL+w==",
      "license": "MIT",
      "dependencies": {
        "@leafer-ui/decorator": "1.0.7",
        "@leafer-ui/display": "1.0.7",
        "@leafer-ui/display-module": "1.0.7",
        "@leafer-ui/external": "1.0.7",
        "@leafer/core": "1.0.7"
      }
    },
    "node_modules/@leafer-ui/effect": {
      "version": "1.0.7",
      "resolved": "https://registry.npmmirror.com/@leafer-ui/effect/-/effect-1.0.7.tgz",
      "integrity": "sha512-1YKuwpRWShl31KtgGibjap4UGQ8Caaq8/jf69g2wgSdDhSNOeaikm7xwLs5+nJ+Wx6gCpVjRjBC8mGwvm8kcaw==",
      "license": "MIT",
      "dependencies": {
        "@leafer/core": "1.0.7"
      }
    },
    "node_modules/@leafer-ui/event": {
      "version": "1.0.7",
      "resolved": "https://registry.npmmirror.com/@leafer-ui/event/-/event-1.0.7.tgz",
      "integrity": "sha512-gBwxjBRDG9iVv5xlSix2n+hPeK3wNymD3vLbNI9LeVLqeWJ0TeDNKwmSUaNhqcm/exMgKlLeB7L4G6yh3NTVBg==",
      "license": "MIT",
      "dependencies": {
        "@leafer/core": "1.0.7"
      }
    },
    "node_modules/@leafer-ui/export": {
      "version": "1.0.7",
      "resolved": "https://registry.npmmirror.com/@leafer-ui/export/-/export-1.0.7.tgz",
      "integrity": "sha512-pBVsCrEms0rq78Fyf5Ae3iGuImuOcXDCwMOsCYMxg1JfyyS5wqR8ad3wybywyneu15UpWuYE2G1J/+U7jq7kjw==",
      "license": "MIT",
      "dependencies": {
        "@leafer/core": "1.0.7"
      }
    },
    "node_modules/@leafer-ui/external": {
      "version": "1.0.7",
      "resolved": "https://registry.npmmirror.com/@leafer-ui/external/-/external-1.0.7.tgz",
      "integrity": "sha512-krGoYPmL7dqdq21B6O68m59uzzhwz0ZeSN9vJkTXkw0oZGHnUI5CiFEjbBZ5sfCRadwAEgGf4nO4E5OxgbUw+Q==",
      "license": "MIT",
      "dependencies": {
        "@leafer/core": "1.0.7"
      }
    },
    "node_modules/@leafer-ui/hit": {
      "version": "1.0.7",
      "resolved": "https://registry.npmmirror.com/@leafer-ui/hit/-/hit-1.0.7.tgz",
      "integrity": "sha512-xFjpIleZ0eTi2g86gA3pekCi22u64i1Ed+MVRwWhG1kXrkCkgqQbsqaa6n2dHXPTM4Pqduc7aP1CfrDI3OzpuQ==",
      "license": "MIT",
      "dependencies": {
        "@leafer-ui/draw": "1.0.7",
        "@leafer/core": "1.0.7"
      }
    },
    "node_modules/@leafer-ui/interaction": {
      "version": "1.0.7",
      "resolved": "https://registry.npmmirror.com/@leafer-ui/interaction/-/interaction-1.0.7.tgz",
      "integrity": "sha512-Sm1lQq814/jF9K7JgDHvlXimca5X217kh6pJGuZIuq4dJVg5xnLAincGfbtsE+572Kmy0hp0Fz/ZtwmJqdrFmA==",
      "license": "MIT",
      "dependencies": {
        "@leafer-ui/draw": "1.0.7",
        "@leafer-ui/event": "1.0.7",
        "@leafer/core": "1.0.7"
      }
    },
    "node_modules/@leafer-ui/interaction-web": {
      "version": "1.0.7",
      "resolved": "https://registry.npmmirror.com/@leafer-ui/interaction-web/-/interaction-web-1.0.7.tgz",
      "integrity": "sha512-u3WJNfG6Z5WwL4O7UnQA1fhluItqck1jhKw7dOQrtJI1XVSbwmpBxGLDxDBV9dTAzb3llZrZH0WV2mIZFd1Cyw==",
      "license": "MIT",
      "dependencies": {
        "@leafer-ui/core": "1.0.7",
        "@leafer/core": "1.0.7"
      }
    },
    "node_modules/@leafer-ui/interface": {
      "version": "1.0.7",
      "resolved": "https://registry.npmmirror.com/@leafer-ui/interface/-/interface-1.0.7.tgz",
      "integrity": "sha512-QHiuXp5hEVckbCrgqvNqVtZ8yDc1NeYofZ1hQs+e1s86zv1t2eo+k5ABq2PQJ0kbt5NNacnJtVWRDnizdqMDTw==",
      "license": "MIT",
      "dependencies": {
        "@leafer/interface": "1.0.7"
      }
    },
    "node_modules/@leafer-ui/paint": {
      "version": "1.0.7",
      "resolved": "https://registry.npmmirror.com/@leafer-ui/paint/-/paint-1.0.7.tgz",
      "integrity": "sha512-2wGUPuAF/PrzQuVwhmLe/b3tuBUcUPyEH/ThBAqPI1xeMsihpjFppqEHlUunO9pVXnXBMVA885KFc2hMdSiOnA==",
      "license": "MIT",
      "dependencies": {
        "@leafer-ui/draw": "1.0.7",
        "@leafer/core": "1.0.7"
      }
    },
    "node_modules/@leafer-ui/partner": {
      "version": "1.0.7",
      "resolved": "https://registry.npmmirror.com/@leafer-ui/partner/-/partner-1.0.7.tgz",
      "integrity": "sha512-jmUBDI+kyodxWt1Q7E5c4X1qJ8yTIAlH41i4U3xpIq7oHzn7xm40HJyeuDtizv6K4+0KPxEzsb70fKf5aX5PdQ==",
      "license": "MIT",
      "dependencies": {
        "@leafer-ui/color": "1.0.7",
        "@leafer-ui/draw": "1.0.7",
        "@leafer-ui/effect": "1.0.7",
        "@leafer-ui/export": "1.0.7",
        "@leafer-ui/paint": "1.0.7",
        "@leafer-ui/text": "1.0.7"
      }
    },
    "node_modules/@leafer-ui/render": {
      "version": "1.0.7",
      "resolved": "https://registry.npmmirror.com/@leafer-ui/render/-/render-1.0.7.tgz",
      "integrity": "sha512-rYILbjznLZL/ml8mkpEOXLazYZ9BYX3CHCv4rb25OzEEgrHpeAjjb8RRGGxa4tRXJwwPixZspiEM9DZQ/lAWnw==",
      "license": "MIT",
      "dependencies": {
        "@leafer-ui/external": "1.0.7"
      }
    },
    "node_modules/@leafer-ui/text": {
      "version": "1.0.7",
      "resolved": "https://registry.npmmirror.com/@leafer-ui/text/-/text-1.0.7.tgz",
      "integrity": "sha512-JMkIRdCdkdUJiNL86RNvPoz1ry50LB+z5iFG7gPw5HZ82aSHw2lv1yq2ZgHxcodS1mNHmJRMqe4fuXllimZFiQ==",
      "license": "MIT",
      "dependencies": {
        "@leafer/core": "1.0.7"
      }
    },
    "node_modules/@leafer-ui/type": {
      "version": "1.0.7",
      "resolved": "https://registry.npmmirror.com/@leafer-ui/type/-/type-1.0.7.tgz",
      "integrity": "sha512-MWlnPOrljpcUS96HbGvmBAGOJRg8mJsAIvV+xsPhkr6IYnHa2uun4cwx7p3AbmfSskjGiaTq0guU+WqpDVnjvQ==",
      "license": "MIT",
      "dependencies": {
        "@leafer-ui/draw": "1.0.7",
        "@leafer-ui/event": "1.0.7",
        "@leafer/core": "1.0.7"
      }
    },
    "node_modules/@leafer-ui/web": {
      "version": "1.0.7",
      "resolved": "https://registry.npmmirror.com/@leafer-ui/web/-/web-1.0.7.tgz",
      "integrity": "sha512-sIMQeoCpHWgUtfKu9N5Ca4FxQhFwymxzPZpJN38SUMwgXSitKhbpo/ZnqZhcIaKrV6uU3JDswfzbWjYTnMFv4w==",
      "license": "MIT",
      "dependencies": {
        "@leafer-ui/core": "1.0.7",
        "@leafer-ui/draw": "1.0.7",
        "@leafer-ui/interaction-web": "1.0.7",
        "@leafer-ui/interface": "1.0.7",
        "@leafer-ui/partner": "1.0.7",
        "@leafer/core": "1.0.7",
        "@leafer/interface": "1.0.7",
        "@leafer/partner": "1.0.7",
        "@leafer/web": "1.0.7"
      }
    },
    "node_modules/@leafer/canvas": {
      "version": "1.0.7",
      "resolved": "https://registry.npmmirror.com/@leafer/canvas/-/canvas-1.0.7.tgz",
      "integrity": "sha512-bQ7okyru64aidak9vuFykPy36gzPEDGWuf3ELDjTU+3t9OY0SVwXZTbgc23yv2FOaob+dqaBh/p6uhhos+A27w==",
      "license": "MIT",
      "dependencies": {
        "@leafer/data": "1.0.7",
        "@leafer/debug": "1.0.7",
        "@leafer/file": "1.0.7",
        "@leafer/list": "1.0.7",
        "@leafer/math": "1.0.7",
        "@leafer/path": "1.0.7",
        "@leafer/platform": "1.0.7"
      }
    },
    "node_modules/@leafer/canvas-web": {
      "version": "1.0.7",
      "resolved": "https://registry.npmmirror.com/@leafer/canvas-web/-/canvas-web-1.0.7.tgz",
      "integrity": "sha512-RCqj7uuPDilmIsf+yEw0pAuXz/whyiZfQH/KpwoOCFOGvEFxWYkR4Ze3AZPB+eoR5ziMRV5HL4vlCpQvVBaW4Q==",
      "license": "MIT",
      "dependencies": {
        "@leafer/core": "1.0.7"
      }
    },
    "node_modules/@leafer/core": {
      "version": "1.0.7",
      "resolved": "https://registry.npmmirror.com/@leafer/core/-/core-1.0.7.tgz",
      "integrity": "sha512-YSOGXjEdVvT/HS3Z95gbeK9mAwg/YFTNfSZSksTxXA7dKULDEdkQiAb4FWX47RAjDZdDaoCV7YDOVN5tbEPlpw==",
      "license": "MIT",
      "dependencies": {
        "@leafer/canvas": "1.0.7",
        "@leafer/data": "1.0.7",
        "@leafer/debug": "1.0.7",
        "@leafer/decorator": "1.0.7",
        "@leafer/display": "1.0.7",
        "@leafer/display-module": "1.0.7",
        "@leafer/event": "1.0.7",
        "@leafer/file": "1.0.7",
        "@leafer/helper": "1.0.7",
        "@leafer/image": "1.0.7",
        "@leafer/layout": "1.0.7",
        "@leafer/list": "1.0.7",
        "@leafer/math": "1.0.7",
        "@leafer/path": "1.0.7",
        "@leafer/platform": "1.0.7",
        "@leafer/task": "1.0.7"
      }
    },
    "node_modules/@leafer/data": {
      "version": "1.0.7",
      "resolved": "https://registry.npmmirror.com/@leafer/data/-/data-1.0.7.tgz",
      "integrity": "sha512-eDDM81s9D953VgFZzbvX+GrK+ZA/7BC12ENCyNo9ArOzH4YPkHO1O6nVlBJgglb+6RwYl1q/5pUHUKN2492qSg==",
      "license": "MIT"
    },
    "node_modules/@leafer/debug": {
      "version": "1.0.7",
      "resolved": "https://registry.npmmirror.com/@leafer/debug/-/debug-1.0.7.tgz",
      "integrity": "sha512-l0iGWbqGRHOqwfGcPJqVO11IOaxAGkbHitkbPU79WQ0QXIw8VIyb4/pspSYqhp7VssEv2Iw0JIUa626cYzlH+g==",
      "license": "MIT",
      "dependencies": {
        "@leafer/math": "1.0.7"
      }
    },
    "node_modules/@leafer/decorator": {
      "version": "1.0.7",
      "resolved": "https://registry.npmmirror.com/@leafer/decorator/-/decorator-1.0.7.tgz",
      "integrity": "sha512-2ypfb1SdTLiJJqtcJllzYZO1wMhXm7+IdeGrGJsGKhg6tsAc5TwRq6oQ7evrz+XtwxlYTGTPxNOzVoesK7Wb/g==",
      "license": "MIT",
      "dependencies": {
        "@leafer/data": "1.0.7",
        "@leafer/debug": "1.0.7",
        "@leafer/platform": "1.0.7"
      }
    },
    "node_modules/@leafer/display": {
      "version": "1.0.7",
      "resolved": "https://registry.npmmirror.com/@leafer/display/-/display-1.0.7.tgz",
      "integrity": "sha512-e02BDrP5urKA6HRGw5B3AICpbhemXkKj1H9XwGg7NrIdoWc8n9HcIlE6gY/rwZ1HD/ZZbNeN0OiKtDHIOnn/+Q==",
      "license": "MIT",
      "dependencies": {
        "@leafer/data": "1.0.7",
        "@leafer/debug": "1.0.7",
        "@leafer/decorator": "1.0.7",
        "@leafer/display-module": "1.0.7",
        "@leafer/event": "1.0.7",
        "@leafer/helper": "1.0.7",
        "@leafer/layout": "1.0.7",
        "@leafer/math": "1.0.7",
        "@leafer/platform": "1.0.7"
      }
    },
    "node_modules/@leafer/display-module": {
      "version": "1.0.7",
      "resolved": "https://registry.npmmirror.com/@leafer/display-module/-/display-module-1.0.7.tgz",
      "integrity": "sha512-GZWBtzIYkW4yA6KdvGIdvT62B+FHf4kdF9iBkbpMXVaMXFWEeT6fCs0IV5wyXGbzBC4sPPl8/vZLKx1CZpDfhg==",
      "license": "MIT",
      "dependencies": {
        "@leafer/debug": "1.0.7",
        "@leafer/event": "1.0.7",
        "@leafer/helper": "1.0.7",
        "@leafer/math": "1.0.7"
      }
    },
    "node_modules/@leafer/event": {
      "version": "1.0.7",
      "resolved": "https://registry.npmmirror.com/@leafer/event/-/event-1.0.7.tgz",
      "integrity": "sha512-xASN3e7cBSNHUPIJPcjwf8/YuOBRgc7sPgiTLiTyBj1xeWinYPcuIkq9HhCCLILxgfyrRXzDXU5/+MpS0ui6lA==",
      "license": "MIT",
      "dependencies": {
        "@leafer/decorator": "1.0.7",
        "@leafer/math": "1.0.7",
        "@leafer/platform": "1.0.7"
      }
    },
    "node_modules/@leafer/file": {
      "version": "1.0.7",
      "resolved": "https://registry.npmmirror.com/@leafer/file/-/file-1.0.7.tgz",
      "integrity": "sha512-MWnyG5E8wbiNndmIio5s44scDftTeAgSYd6TlOovP0N5TlDL0u403IPjbLR0po4kuPFntyM/DmIJMEaEMqCGlw==",
      "license": "MIT",
      "dependencies": {
        "@leafer/debug": "1.0.7"
      }
    },
    "node_modules/@leafer/helper": {
      "version": "1.0.7",
      "resolved": "https://registry.npmmirror.com/@leafer/helper/-/helper-1.0.7.tgz",
      "integrity": "sha512-zCeNlXnWKk2uKyTTOvj0vAGX+FI8PEVepiYNJlBwSknONSASRFvf6y1odjcmjtkciS6RCp2RrNxqLjCOOH2VhQ==",
      "license": "MIT",
      "dependencies": {
        "@leafer/math": "1.0.7"
      }
    },
    "node_modules/@leafer/image": {
      "version": "1.0.7",
      "resolved": "https://registry.npmmirror.com/@leafer/image/-/image-1.0.7.tgz",
      "integrity": "sha512-9PdqUj1fZbwG940tBPMrM8XnkUE0yyHwf5w60iHXh/aycBcrjJtJ2TDufYaD7bZZF7ne1lv9Na2K/i1GydI6Dg==",
      "license": "MIT",
      "dependencies": {
        "@leafer/file": "1.0.7",
        "@leafer/platform": "1.0.7",
        "@leafer/task": "1.0.7"
      }
    },
    "node_modules/@leafer/image-web": {
      "version": "1.0.7",
      "resolved": "https://registry.npmmirror.com/@leafer/image-web/-/image-web-1.0.7.tgz",
      "integrity": "sha512-9hzMyGE+r0AKfUlMu9R1tmx4bhY/ayVaSqH1kcVYnDY5prt4UvhTh8LtpYOtGRHDAhZoVIG55Wx8Hn3LknpDEg==",
      "license": "MIT",
      "dependencies": {
        "@leafer/core": "1.0.7"
      }
    },
    "node_modules/@leafer/interface": {
      "version": "1.0.7",
      "resolved": "https://registry.npmmirror.com/@leafer/interface/-/interface-1.0.7.tgz",
      "integrity": "sha512-0wWl6i+56HN//tfko26TrcyXDcYZvKwp+W4HliP11YuDJCLCwLfrN2oL0xacK6R6iQlWcaN+rqegnRWy9rb7bg==",
      "license": "MIT"
    },
    "node_modules/@leafer/layout": {
      "version": "1.0.7",
      "resolved": "https://registry.npmmirror.com/@leafer/layout/-/layout-1.0.7.tgz",
      "integrity": "sha512-NhnMqRzuJuLd6VyCpCpTUe2koNb4HMDWWbdXUE/3FTs3/8NHZjRFQ81vYhrtcx6Jy+DIxSUZc+pZBsPe90KNag==",
      "license": "MIT",
      "dependencies": {
        "@leafer/helper": "1.0.7",
        "@leafer/math": "1.0.7",
        "@leafer/platform": "1.0.7"
      }
    },
    "node_modules/@leafer/layouter": {
      "version": "1.0.7",
      "resolved": "https://registry.npmmirror.com/@leafer/layouter/-/layouter-1.0.7.tgz",
      "integrity": "sha512-LA68yJLSXLBBng/Do5APZZmpoOBe4a/I9YkGiquE3b6r8zUssUfQe/LRzGpcQPNsog52AJz23ciTyQ60YGdgPA==",
      "license": "MIT",
      "dependencies": {
        "@leafer/core": "1.0.7"
      }
    },
    "node_modules/@leafer/list": {
      "version": "1.0.7",
      "resolved": "https://registry.npmmirror.com/@leafer/list/-/list-1.0.7.tgz",
      "integrity": "sha512-3tKyOpQXui4mSh1Ooz4etWbIYMRRq38TWJ7gfcdSwLTaawX6gN3/n+LV15v+p5Xbm7Zpb9Dl9B0kOalw65GUaw==",
      "license": "MIT"
    },
    "node_modules/@leafer/math": {
      "version": "1.0.7",
      "resolved": "https://registry.npmmirror.com/@leafer/math/-/math-1.0.7.tgz",
      "integrity": "sha512-m1G3fI5qwwqTp5en/2XUH7PaFBDH2Cj2a5QyshxSXSATzB23pxqj8MC7ihmjU3xhHsJ8o4exYK8/NsRkOcA1BQ==",
      "license": "MIT"
    },
    "node_modules/@leafer/partner": {
      "version": "1.0.7",
      "resolved": "https://registry.npmmirror.com/@leafer/partner/-/partner-1.0.7.tgz",
      "integrity": "sha512-vRzGCQRBpPnlT6QDwAKRO+tRzzOTrrUFmlSxX3x/Fx+kJAFga5RFDnAeXhGXasvSBARe62xpodQ2Ux/1ihhqcQ==",
      "license": "MIT",
      "dependencies": {
        "@leafer/core": "1.0.7",
        "@leafer/layouter": "1.0.7",
        "@leafer/renderer": "1.0.7",
        "@leafer/selector": "1.0.7",
        "@leafer/watcher": "1.0.7"
      }
    },
    "node_modules/@leafer/path": {
      "version": "1.0.7",
      "resolved": "https://registry.npmmirror.com/@leafer/path/-/path-1.0.7.tgz",
      "integrity": "sha512-/0zc7nlVKoBBJenDlW/gbd6K4VGbzdI0+aYWE+bTpiDxNVqdRAb5v7prHRisM6Px7q4GjlhFbOGBR1CpEVCrHg==",
      "license": "MIT",
      "dependencies": {
        "@leafer/debug": "1.0.7",
        "@leafer/math": "1.0.7"
      }
    },
    "node_modules/@leafer/platform": {
      "version": "1.0.7",
      "resolved": "https://registry.npmmirror.com/@leafer/platform/-/platform-1.0.7.tgz",
      "integrity": "sha512-5cE081oXSZi03/wEW1NXO20ja79Aue1ZOdfQ83KqRD8Fl72uIHwrOr014u4c8/+57w1IeWvymZVbHvTE/n3sew==",
      "license": "MIT",
      "dependencies": {
        "@leafer/debug": "1.0.7",
        "@leafer/layouter": "1.0.7"
      }
    },
    "node_modules/@leafer/renderer": {
      "version": "1.0.7",
      "resolved": "https://registry.npmmirror.com/@leafer/renderer/-/renderer-1.0.7.tgz",
      "integrity": "sha512-SmubzWc7tuDWkGjGzwL60h+G1I4HPtBKsY0m6ecbzyuEGGVRB28gH6w9q1vmlskv72PLlAjKnXIINDoyR+Pw2Q==",
      "license": "MIT",
      "dependencies": {
        "@leafer/core": "1.0.7"
      }
    },
    "node_modules/@leafer/selector": {
      "version": "1.0.7",
      "resolved": "https://registry.npmmirror.com/@leafer/selector/-/selector-1.0.7.tgz",
      "integrity": "sha512-k5d/8KHnv1GMX1Gs51HEoetl8c0SqSghS7OeeDq+hggw0TvK0Sc5hkplF1bJ+BZT2aFem3GAXQlRXZiNSqgv6A==",
      "license": "MIT",
      "dependencies": {
        "@leafer/core": "1.0.7"
      }
    },
    "node_modules/@leafer/task": {
      "version": "1.0.7",
      "resolved": "https://registry.npmmirror.com/@leafer/task/-/task-1.0.7.tgz",
      "integrity": "sha512-3Ew/xMCqmXayImgohyYJnCdTV1AZ3vNot4QSQ41mDEsfs3yiMx47nVDAKU9zQHYFPoM0gMOZMkjspwKmu83yDQ==",
      "license": "MIT",
      "dependencies": {
        "@leafer/debug": "1.0.7",
        "@leafer/math": "1.0.7"
      }
    },
    "node_modules/@leafer/watcher": {
      "version": "1.0.7",
      "resolved": "https://registry.npmmirror.com/@leafer/watcher/-/watcher-1.0.7.tgz",
      "integrity": "sha512-YGRIsNCeE7OonVL/62KuVxlTsMK9Th8PTil6cz8c+Jd9AuWS82F9FGI5jz9voDrNg+Agw0GRuTTl/VN2GRdIiA==",
      "license": "MIT",
      "dependencies": {
        "@leafer/data": "1.0.7",
        "@leafer/event": "1.0.7",
        "@leafer/list": "1.0.7"
      }
    },
    "node_modules/@leafer/web": {
      "version": "1.0.7",
      "resolved": "https://registry.npmmirror.com/@leafer/web/-/web-1.0.7.tgz",
      "integrity": "sha512-QIUu1wulA84hfE+fK5415denHRBWbKQPn71nv5ix9nLH2grA6tJtdHQEC0//cUTTk4nGKO90Ptca0Tb7nJj9pw==",
      "license": "MIT",
      "dependencies": {
        "@leafer/canvas-web": "1.0.7",
        "@leafer/core": "1.0.7",
        "@leafer/image-web": "1.0.7"
      }
    },
    "node_modules/leafer-ui": {
      "version": "1.0.7",
      "resolved": "https://registry.npmmirror.com/leafer-ui/-/leafer-ui-1.0.7.tgz",
      "integrity": "sha512-Ozl8ovf7hpTmbwx5muX6SCZN5DSRQkXIkx20CYOFYwPzs4ERBTYtpdfWZwMoFm1nkY6q2qemL8c0qpZVF4lJXw==",
      "license": "MIT",
      "dependencies": {
        "@leafer-ui/core": "1.0.7",
        "@leafer-ui/draw": "1.0.7",
        "@leafer-ui/interaction-web": "1.0.7",
        "@leafer-ui/interface": "1.0.7",
        "@leafer-ui/partner": "1.0.7",
        "@leafer-ui/web": "1.0.7",
        "@leafer/core": "1.0.7",
        "@leafer/interface": "1.0.7",
        "@leafer/partner": "1.0.7",
        "@leafer/web": "1.0.7"
      }
    }
  }
}
